
Microsoft Visual Studio Solution File, Format Version 12.00
# Visual Studio Version 17
VisualStudioVersion = 17.3.32811.315
MinimumVisualStudioVersion = 10.0.40219.1
Project("{9A19103F-16F7-4668-BE54-9A1E7A4F7556}") = "Microsoft.Xna.Framework.GamerServices", "Core\Microsoft.Xna.Framework.GamerServices\Microsoft.Xna.Framework.GamerServices.csproj", "{31DA94C5-69B1-47E5-AF30-831781BD81F0}"
EndProject
Project("{9A19103F-16F7-4668-BE54-9A1E7A4F7556}") = "WPR.XnaCompability", "Core\WPR.XnaCompabilityPatch\WPR.XnaCompability.csproj", "{20422187-3B6A-4566-ADFC-AF7D0D2EAB42}"
EndProject
Project("{9A19103F-16F7-4668-BE54-9A1E7A4F7556}") = "WPR.Common", "Core\WPR.Common\WPR.Common.csproj", "{4A5AE689-B314-4EEC-8931-8B98F154DB13}"
EndProject
Project("{9A19103F-16F7-4668-BE54-9A1E7A4F7556}") = "WPR.UI", "UI\WPR.UI\WPR.UI.csproj", "{BE06568F-093C-42EC-B928-93627BD316D9}"
EndProject
Project("{9A19103F-16F7-4668-BE54-9A1E7A4F7556}") = "FNA.Core", "Backends\FNA.Platform\FNA.Core.csproj", "{1046DFEB-2394-4477-B3E1-436B2EF8E295}"
EndProject
Project("{9A19103F-16F7-4668-BE54-9A1E7A4F7556}") = "WPR.WindowsCompability", "Core\WPR.WindowsCompability\WPR.WindowsCompability.csproj", "{DF810EFF-1899-4B16-A4A2-C16B175890A7}"
EndProject
Project("{9A19103F-16F7-4668-BE54-9A1E7A4F7556}") = "Org.Libsdl.App", "JavaBindings\Org.Libsdl.App\Org.Libsdl.App.csproj", "{E2BA6CBD-B975-479D-815D-D87B38C9E9C1}"
EndProject
Project("{9A19103F-16F7-4668-BE54-9A1E7A4F7556}") = "WPR.UI.Android", "UI\WPR.UI.Android\WPR.UI.Android.csproj", "{2805EC1C-C7F7-429B-8CC0-D9ED1F0D954C}"
EndProject
Project("{9A19103F-16F7-4668-BE54-9A1E7A4F7556}") = "WPR.UI.Desktop", "UI\WPR.UI.Desktop\WPR.UI.Desktop.csproj", "{EFC000CC-4122-464A-B800-921F86A77A25}"
EndProject
Project("{9A19103F-16F7-4668-BE54-9A1E7A4F7556}") = "Projektanker.Icons.Avalonia.FontAwesome", "ThirdParty\Icons.Avalonia\src\Projektanker.Icons.Avalonia.FontAwesome\Projektanker.Icons.Avalonia.FontAwesome.csproj", "{D5D60B98-8610-4EAA-ACD6-4D91CCB33141}"
EndProject
Project("{9A19103F-16F7-4668-BE54-9A1E7A4F7556}") = "Projektanker.Icons.Avalonia", "ThirdParty\Icons.Avalonia\src\Projektanker.Icons.Avalonia\Projektanker.Icons.Avalonia.csproj", "{15936ED3-078E-4E06-A517-65434CC28E90}"
EndProject
Project("{9A19103F-16F7-4668-BE54-9A1E7A4F7556}") = "com.arthenica.ffmpegkit", "JavaBindings\com.arthenica.ffmpegkit\com.arthenica.ffmpegkit.csproj", "{0BA62FDF-71AD-4B8A-A6B0-35EFF3C300C4}"
EndProject
Project("{9A19103F-16F7-4668-BE54-9A1E7A4F7556}") = "com.arthenica.smartexception", "JavaBindings\com.arthenica.smartexception\com.arthenica.smartexception.csproj", "{9BD1EE7F-6D1A-481F-8D13-F3205EEBD454}"
EndProject
Project("{9A19103F-16F7-4668-BE54-9A1E7A4F7556}") = "com.arthenica.smartexception.java", "JavaBindings\com.arthenica.smartexception.java\com.arthenica.smartexception.java.csproj", "{9119490C-E582-4E55-AFA5-6A51680711BA}"
EndProject
Project("{9A19103F-16F7-4668-BE54-9A1E7A4F7556}") = "assembly-store-reader", "ThirdParty\assembly-store-reader\assembly-store-reader.csproj", "{41BDFD3A-8C3B-402D-BED6-5FC81EE1A22A}"
EndProject
Project("{2150E333-8FDC-42A3-9474-1A3956D46DE8}") = "JAR Bindings", "JAR Bindings", "{1205A9F0-96F5-47D0-A46E-03EB98619B31}"
EndProject
Project("{2150E333-8FDC-42A3-9474-1A3956D46DE8}") = "Third Party", "Third Party", "{CBBF747E-EAFE-4679-A1DB-933615B0B58F}"
EndProject
Project("{2150E333-8FDC-42A3-9474-1A3956D46DE8}") = "Assemblies Reimplementation", "Assemblies Reimplementation", "{0551204A-A764-45F7-91EB-6817586876E9}"
EndProject
Project("{2150E333-8FDC-42A3-9474-1A3956D46DE8}") = "Assemblies Patch", "Assemblies Patch", "{DED4ABDA-245B-4AF2-9F40-179C3BCBA0E2}"
EndProject
Project("{2150E333-8FDC-42A3-9474-1A3956D46DE8}") = "Core", "Core", "{5A6560FF-794C-4369-AC8A-2019C0797869}"
EndProject
Project("{2150E333-8FDC-42A3-9474-1A3956D46DE8}") = "Framework", "Framework", "{5CAC228E-35B7-4BD9-8DDD-FCA8EF4073D2}"
EndProject
Project("{2150E333-8FDC-42A3-9474-1A3956D46DE8}") = "UI", "UI", "{AA3F7F2B-778E-4B57-A8AB-E1BCA44E2211}"
EndProject
Project("{2150E333-8FDC-42A3-9474-1A3956D46DE8}") = "ProjekTanker.Icons", "ProjekTanker.Icons", "{609B9E8D-4DB9-429C-B4C4-A75202A3CF4F}"
EndProject
Project("{FAE04EC0-301F-11D3-BF4B-00C04F79EFBC}") = "WPR.StandardCompability", "Core\WPR.StandardCompability\WPR.StandardCompability.csproj", "{CC5E7BD5-4B3A-4723-A00E-9B174B94F3F0}"
EndProject
Project("{FAE04EC0-301F-11D3-BF4B-00C04F79EFBC}") = "WPR.SilverlightCompability.Tests", "Core\WPR.SilverlightCompability.Tests\WPR.SilverlightCompability.Tests.csproj", "{6364D1FB-C274-4A0E-A4FB-1C6704B71B5E}"
EndProject
Project("{FAE04EC0-301F-11D3-BF4B-00C04F79EFBC}") = "WPR.Tests", "Tests\WPR.Tests\WPR.Tests.csproj", "{D66BAE42-2334-481E-A60C-2B6210BB1F61}"
EndProject
Project("{FAE04EC0-301F-11D3-BF4B-00C04F79EFBC}") = "WPR.Abstractions", "Core\WPR.Abstractions\WPR.Abstractions.csproj", "{40FFFB19-0A7F-48B7-A9DB-DA361A68D7D8}"
EndProject
Project("{FAE04EC0-301F-11D3-BF4B-00C04F79EFBC}") = "WPR.Diagnostics", "Core\WPR.Diagnostics\WPR.Diagnostics.csproj", "{C6550DCF-2E34-4FE6-A743-7A5E4C363D73}"
EndProject
Project("{FAE04EC0-301F-11D3-BF4B-00C04F79EFBC}") = "WPR.Loader", "Core\WPR.Loader\WPR.Loader.csproj", "{78B62374-2A96-45FC-936D-33872D472684}"
EndProject
Project("{FAE04EC0-301F-11D3-BF4B-00C04F79EFBC}") = "WPR.Runtime", "Core\WPR.Runtime\WPR.Runtime.csproj", "{8C8AE123-3D76-47C9-80AE-FFE8F366265D}"
EndProject
Project("{FAE04EC0-301F-11D3-BF4B-00C04F79EFBC}") = "WPR.Framework.Silverlight", "Core\WPR.Framework.Silverlight\WPR.Framework.Silverlight.csproj", "{888146C7-CD16-4EFB-A203-798BAAA11540}"
EndProject
Project("{FAE04EC0-301F-11D3-BF4B-00C04F79EFBC}") = "WPR.Framework.Phone", "Core\WPR.Framework.Phone\WPR.Framework.Phone.csproj", "{CAF39B4C-FE21-4D08-98C2-954A5675A705}"
EndProject
Project("{2150E333-8FDC-42A3-9474-1A3956D46DE8}") = "Tests", "Tests", "{52DA5E43-4AC5-4554-A2D4-D009F3F22B93}"
EndProject
Project("{FAE04EC0-301F-11D3-BF4B-00C04F79EFBC}") = "WPR.Framework.Devices.Sensors", "Core\WPR.Framework.Devices.Sensors\WPR.Framework.Devices.Sensors.csproj", "{1E2B2411-25F0-476D-A8F1-0730C7746DC7}"
EndProject
Project("{FAE04EC0-301F-11D3-BF4B-00C04F79EFBC}") = "WPR.Framework.Devices.Location", "Core\WPR.Framework.Devices.Location\WPR.Framework.Devices.Location.csproj", "{A8A8BC52-6EE2-4F44-945F-1E22321C9480}"
EndProject
Project("{FAE04EC0-301F-11D3-BF4B-00C04F79EFBC}") = "WPR.Framework.Xna", "Core\WPR.Framework.Xna\WPR.Framework.Xna.csproj", "{94A5EDB5-1435-4809-8349-EE4CFAFB97BC}"
EndProject
Project("{2150E333-8FDC-42A3-9474-1A3956D46DE8}") = "Backends", "Backends", "{6FCB5095-2292-4869-86EB-E1437153B375}"
EndProject
Project("{FAE04EC0-301F-11D3-BF4B-00C04F79EFBC}") = "WPR.Backend.FNA", "Backends\WPR.Backend.FNA\WPR.Backend.FNA.csproj", "{FAF96F9F-D4CB-4FFC-AB9D-8C838E33A546}"
EndProject
Global
	GlobalSection(SolutionConfigurationPlatforms) = preSolution
		Debug|Any CPU = Debug|Any CPU
		Debug|x64 = Debug|x64
		Debug|x86 = Debug|x86
		MinSizeRel|Any CPU = MinSizeRel|Any CPU
		MinSizeRel|x64 = MinSizeRel|x64
		MinSizeRel|x86 = MinSizeRel|x86
		Release|Any CPU = Release|Any CPU
		Release|x64 = Release|x64
		Release|x86 = Release|x86
		RelWithDebInfo|Any CPU = RelWithDebInfo|Any CPU
		RelWithDebInfo|x64 = RelWithDebInfo|x64
		RelWithDebInfo|x86 = RelWithDebInfo|x86
	EndGlobalSection
	GlobalSection(ProjectConfigurationPlatforms) = postSolution
		{31DA94C5-69B1-47E5-AF30-831781BD81F0}.Debug|Any CPU.ActiveCfg = Debug|Any CPU
		{31DA94C5-69B1-47E5-AF30-831781BD81F0}.Debug|Any CPU.Build.0 = Debug|Any CPU
		{31DA94C5-69B1-47E5-AF30-831781BD81F0}.Debug|x64.ActiveCfg = Debug|Any CPU
		{31DA94C5-69B1-47E5-AF30-831781BD81F0}.Debug|x64.Build.0 = Debug|Any CPU
		{31DA94C5-69B1-47E5-AF30-831781BD81F0}.Debug|x86.ActiveCfg = Debug|Any CPU
		{31DA94C5-69B1-47E5-AF30-831781BD81F0}.Debug|x86.Build.0 = Debug|Any CPU
		{31DA94C5-69B1-47E5-AF30-831781BD81F0}.MinSizeRel|Any CPU.ActiveCfg = Release|Any CPU
		{31DA94C5-69B1-47E5-AF30-831781BD81F0}.MinSizeRel|Any CPU.Build.0 = Release|Any CPU
		{31DA94C5-69B1-47E5-AF30-831781BD81F0}.MinSizeRel|x64.ActiveCfg = Release|Any CPU
		{31DA94C5-69B1-47E5-AF30-831781BD81F0}.MinSizeRel|x64.Build.0 = Release|Any CPU
		{31DA94C5-69B1-47E5-AF30-831781BD81F0}.MinSizeRel|x86.ActiveCfg = Release|Any CPU
		{31DA94C5-69B1-47E5-AF30-831781BD81F0}.MinSizeRel|x86.Build.0 = Release|Any CPU
		{31DA94C5-69B1-47E5-AF30-831781BD81F0}.Release|Any CPU.ActiveCfg = Release|Any CPU
		{31DA94C5-69B1-47E5-AF30-831781BD81F0}.Release|Any CPU.Build.0 = Release|Any CPU
		{31DA94C5-69B1-47E5-AF30-831781BD81F0}.Release|x64.ActiveCfg = Release|Any CPU
		{31DA94C5-69B1-47E5-AF30-831781BD81F0}.Release|x64.Build.0 = Release|Any CPU
		{31DA94C5-69B1-47E5-AF30-831781BD81F0}.Release|x86.ActiveCfg = Release|Any CPU
		{31DA94C5-69B1-47E5-AF30-831781BD81F0}.Release|x86.Build.0 = Release|Any CPU
		{31DA94C5-69B1-47E5-AF30-831781BD81F0}.RelWithDebInfo|Any CPU.ActiveCfg = Release|Any CPU
		{31DA94C5-69B1-47E5-AF30-831781BD81F0}.RelWithDebInfo|Any CPU.Build.0 = Release|Any CPU
		{31DA94C5-69B1-47E5-AF30-831781BD81F0}.RelWithDebInfo|x64.ActiveCfg = Release|Any CPU
		{31DA94C5-69B1-47E5-AF30-831781BD81F0}.RelWithDebInfo|x64.Build.0 = Release|Any CPU
		{31DA94C5-69B1-47E5-AF30-831781BD81F0}.RelWithDebInfo|x86.ActiveCfg = Release|Any CPU
		{31DA94C5-69B1-47E5-AF30-831781BD81F0}.RelWithDebInfo|x86.Build.0 = Release|Any CPU
		{20422187-3B6A-4566-ADFC-AF7D0D2EAB42}.Debug|Any CPU.ActiveCfg = Debug|Any CPU
		{20422187-3B6A-4566-ADFC-AF7D0D2EAB42}.Debug|Any CPU.Build.0 = Debug|Any CPU
		{20422187-3B6A-4566-ADFC-AF7D0D2EAB42}.Debug|x64.ActiveCfg = Debug|Any CPU
		{20422187-3B6A-4566-ADFC-AF7D0D2EAB42}.Debug|x64.Build.0 = Debug|Any CPU
		{20422187-3B6A-4566-ADFC-AF7D0D2EAB42}.Debug|x86.ActiveCfg = Debug|Any CPU
		{20422187-3B6A-4566-ADFC-AF7D0D2EAB42}.Debug|x86.Build.0 = Debug|Any CPU
		{20422187-3B6A-4566-ADFC-AF7D0D2EAB42}.MinSizeRel|Any CPU.ActiveCfg = Release|Any CPU
		{20422187-3B6A-4566-ADFC-AF7D0D2EAB42}.MinSizeRel|Any CPU.Build.0 = Release|Any CPU
		{20422187-3B6A-4566-ADFC-AF7D0D2EAB42}.MinSizeRel|x64.ActiveCfg = Release|Any CPU
		{20422187-3B6A-4566-ADFC-AF7D0D2EAB42}.MinSizeRel|x64.Build.0 = Release|Any CPU
		{20422187-3B6A-4566-ADFC-AF7D0D2EAB42}.MinSizeRel|x86.ActiveCfg = Release|Any CPU
		{20422187-3B6A-4566-ADFC-AF7D0D2EAB42}.MinSizeRel|x86.Build.0 = Release|Any CPU
		{20422187-3B6A-4566-ADFC-AF7D0D2EAB42}.Release|Any CPU.ActiveCfg = Release|Any CPU
		{20422187-3B6A-4566-ADFC-AF7D0D2EAB42}.Release|Any CPU.Build.0 = Release|Any CPU
		{20422187-3B6A-4566-ADFC-AF7D0D2EAB42}.Release|x64.ActiveCfg = Release|Any CPU
		{20422187-3B6A-4566-ADFC-AF7D0D2EAB42}.Release|x64.Build.0 = Release|Any CPU
		{20422187-3B6A-4566-ADFC-AF7D0D2EAB42}.Release|x86.ActiveCfg = Release|Any CPU
		{20422187-3B6A-4566-ADFC-AF7D0D2EAB42}.Release|x86.Build.0 = Release|Any CPU
		{20422187-3B6A-4566-ADFC-AF7D0D2EAB42}.RelWithDebInfo|Any CPU.ActiveCfg = Release|Any CPU
		{20422187-3B6A-4566-ADFC-AF7D0D2EAB42}.RelWithDebInfo|Any CPU.Build.0 = Release|Any CPU
		{20422187-3B6A-4566-ADFC-AF7D0D2EAB42}.RelWithDebInfo|x64.ActiveCfg = Release|Any CPU
		{20422187-3B6A-4566-ADFC-AF7D0D2EAB42}.RelWithDebInfo|x64.Build.0 = Release|Any CPU
		{20422187-3B6A-4566-ADFC-AF7D0D2EAB42}.RelWithDebInfo|x86.ActiveCfg = Release|Any CPU
		{20422187-3B6A-4566-ADFC-AF7D0D2EAB42}.RelWithDebInfo|x86.Build.0 = Release|Any CPU
		{4A5AE689-B314-4EEC-8931-8B98F154DB13}.Debug|Any CPU.ActiveCfg = Debug|Any CPU
		{4A5AE689-B314-4EEC-8931-8B98F154DB13}.Debug|Any CPU.Build.0 = Debug|Any CPU
		{4A5AE689-B314-4EEC-8931-8B98F154DB13}.Debug|x64.ActiveCfg = Debug|Any CPU
		{4A5AE689-B314-4EEC-8931-8B98F154DB13}.Debug|x64.Build.0 = Debug|Any CPU
		{4A5AE689-B314-4EEC-8931-8B98F154DB13}.Debug|x86.ActiveCfg = Debug|Any CPU
		{4A5AE689-B314-4EEC-8931-8B98F154DB13}.Debug|x86.Build.0 = Debug|Any CPU
		{4A5AE689-B314-4EEC-8931-8B98F154DB13}.MinSizeRel|Any CPU.ActiveCfg = Release|Any CPU
		{4A5AE689-B314-4EEC-8931-8B98F154DB13}.MinSizeRel|Any CPU.Build.0 = Release|Any CPU
		{4A5AE689-B314-4EEC-8931-8B98F154DB13}.MinSizeRel|x64.ActiveCfg = Release|Any CPU
		{4A5AE689-B314-4EEC-8931-8B98F154DB13}.MinSizeRel|x64.Build.0 = Release|Any CPU
		{4A5AE689-B314-4EEC-8931-8B98F154DB13}.MinSizeRel|x86.ActiveCfg = Release|Any CPU
		{4A5AE689-B314-4EEC-8931-8B98F154DB13}.MinSizeRel|x86.Build.0 = Release|Any CPU
		{4A5AE689-B314-4EEC-8931-8B98F154DB13}.Release|Any CPU.ActiveCfg = Release|Any CPU
		{4A5AE689-B314-4EEC-8931-8B98F154DB13}.Release|Any CPU.Build.0 = Release|Any CPU
		{4A5AE689-B314-4EEC-8931-8B98F154DB13}.Release|x64.ActiveCfg = Release|Any CPU
		{4A5AE689-B314-4EEC-8931-8B98F154DB13}.Release|x64.Build.0 = Release|Any CPU
		{4A5AE689-B314-4EEC-8931-8B98F154DB13}.Release|x86.ActiveCfg = Release|Any CPU
		{4A5AE689-B314-4EEC-8931-8B98F154DB13}.Release|x86.Build.0 = Release|Any CPU
		{4A5AE689-B314-4EEC-8931-8B98F154DB13}.RelWithDebInfo|Any CPU.ActiveCfg = Release|Any CPU
		{4A5AE689-B314-4EEC-8931-8B98F154DB13}.RelWithDebInfo|Any CPU.Build.0 = Release|Any CPU
		{4A5AE689-B314-4EEC-8931-8B98F154DB13}.RelWithDebInfo|x64.ActiveCfg = Release|Any CPU
		{4A5AE689-B314-4EEC-8931-8B98F154DB13}.RelWithDebInfo|x64.Build.0 = Release|Any CPU
		{4A5AE689-B314-4EEC-8931-8B98F154DB13}.RelWithDebInfo|x86.ActiveCfg = Release|Any CPU
		{4A5AE689-B314-4EEC-8931-8B98F154DB13}.RelWithDebInfo|x86.Build.0 = Release|Any CPU
		{BE06568F-093C-42EC-B928-93627BD316D9}.Debug|Any CPU.ActiveCfg = Debug|Any CPU
		{BE06568F-093C-42EC-B928-93627BD316D9}.Debug|Any CPU.Build.0 = Debug|Any CPU
		{BE06568F-093C-42EC-B928-93627BD316D9}.Debug|x64.ActiveCfg = Debug|Any CPU
		{BE06568F-093C-42EC-B928-93627BD316D9}.Debug|x64.Build.0 = Debug|Any CPU
		{BE06568F-093C-42EC-B928-93627BD316D9}.Debug|x86.ActiveCfg = Debug|Any CPU
		{BE06568F-093C-42EC-B928-93627BD316D9}.Debug|x86.Build.0 = Debug|Any CPU
		{BE06568F-093C-42EC-B928-93627BD316D9}.MinSizeRel|Any CPU.ActiveCfg = Release|Any CPU
		{BE06568F-093C-42EC-B928-93627BD316D9}.MinSizeRel|Any CPU.Build.0 = Release|Any CPU
		{BE06568F-093C-42EC-B928-93627BD316D9}.MinSizeRel|x64.ActiveCfg = Release|Any CPU
		{BE06568F-093C-42EC-B928-93627BD316D9}.MinSizeRel|x64.Build.0 = Release|Any CPU
		{BE06568F-093C-42EC-B928-93627BD316D9}.MinSizeRel|x86.ActiveCfg = Release|Any CPU
		{BE06568F-093C-42EC-B928-93627BD316D9}.MinSizeRel|x86.Build.0 = Release|Any CPU
		{BE06568F-093C-42EC-B928-93627BD316D9}.Release|Any CPU.ActiveCfg = Release|Any CPU
		{BE06568F-093C-42EC-B928-93627BD316D9}.Release|Any CPU.Build.0 = Release|Any CPU
		{BE06568F-093C-42EC-B928-93627BD316D9}.Release|x64.ActiveCfg = Release|Any CPU
		{BE06568F-093C-42EC-B928-93627BD316D9}.Release|x64.Build.0 = Release|Any CPU
		{BE06568F-093C-42EC-B928-93627BD316D9}.Release|x86.ActiveCfg = Release|Any CPU
		{BE06568F-093C-42EC-B928-93627BD316D9}.Release|x86.Build.0 = Release|Any CPU
		{BE06568F-093C-42EC-B928-93627BD316D9}.RelWithDebInfo|Any CPU.ActiveCfg = Release|Any CPU
		{BE06568F-093C-42EC-B928-93627BD316D9}.RelWithDebInfo|Any CPU.Build.0 = Release|Any CPU
		{BE06568F-093C-42EC-B928-93627BD316D9}.RelWithDebInfo|x64.ActiveCfg = Release|Any CPU
		{BE06568F-093C-42EC-B928-93627BD316D9}.RelWithDebInfo|x64.Build.0 = Release|Any CPU
		{BE06568F-093C-42EC-B928-93627BD316D9}.RelWithDebInfo|x86.ActiveCfg = Release|Any CPU
		{BE06568F-093C-42EC-B928-93627BD316D9}.RelWithDebInfo|x86.Build.0 = Release|Any CPU
		{1046DFEB-2394-4477-B3E1-436B2EF8E295}.Debug|Any CPU.ActiveCfg = Debug|x64
		{1046DFEB-2394-4477-B3E1-436B2EF8E295}.Debug|Any CPU.Build.0 = Debug|x64
		{1046DFEB-2394-4477-B3E1-436B2EF8E295}.Debug|x64.ActiveCfg = Debug|x64
		{1046DFEB-2394-4477-B3E1-436B2EF8E295}.Debug|x64.Build.0 = Debug|x64
		{1046DFEB-2394-4477-B3E1-436B2EF8E295}.Debug|x86.ActiveCfg = Debug|x64
		{1046DFEB-2394-4477-B3E1-436B2EF8E295}.Debug|x86.Build.0 = Debug|x64
		{1046DFEB-2394-4477-B3E1-436B2EF8E295}.MinSizeRel|Any CPU.ActiveCfg = Release|x64
		{1046DFEB-2394-4477-B3E1-436B2EF8E295}.MinSizeRel|Any CPU.Build.0 = Release|x64
		{1046DFEB-2394-4477-B3E1-436B2EF8E295}.MinSizeRel|x64.ActiveCfg = Release|x64
		{1046DFEB-2394-4477-B3E1-436B2EF8E295}.MinSizeRel|x64.Build.0 = Release|x64
		{1046DFEB-2394-4477-B3E1-436B2EF8E295}.MinSizeRel|x86.ActiveCfg = Release|x64
		{1046DFEB-2394-4477-B3E1-436B2EF8E295}.MinSizeRel|x86.Build.0 = Release|x64
		{1046DFEB-2394-4477-B3E1-436B2EF8E295}.Release|Any CPU.ActiveCfg = Release|x64
		{1046DFEB-2394-4477-B3E1-436B2EF8E295}.Release|Any CPU.Build.0 = Release|x64
		{1046DFEB-2394-4477-B3E1-436B2EF8E295}.Release|x64.ActiveCfg = Release|x64
		{1046DFEB-2394-4477-B3E1-436B2EF8E295}.Release|x64.Build.0 = Release|x64
		{1046DFEB-2394-4477-B3E1-436B2EF8E295}.Release|x86.ActiveCfg = Release|x64
		{1046DFEB-2394-4477-B3E1-436B2EF8E295}.Release|x86.Build.0 = Release|x64
		{1046DFEB-2394-4477-B3E1-436B2EF8E295}.RelWithDebInfo|Any CPU.ActiveCfg = Release|x64
		{1046DFEB-2394-4477-B3E1-436B2EF8E295}.RelWithDebInfo|Any CPU.Build.0 = Release|x64
		{1046DFEB-2394-4477-B3E1-436B2EF8E295}.RelWithDebInfo|x64.ActiveCfg = Release|x64
		{1046DFEB-2394-4477-B3E1-436B2EF8E295}.RelWithDebInfo|x64.Build.0 = Release|x64
		{1046DFEB-2394-4477-B3E1-436B2EF8E295}.RelWithDebInfo|x86.ActiveCfg = Release|x64
		{1046DFEB-2394-4477-B3E1-436B2EF8E295}.RelWithDebInfo|x86.Build.0 = Release|x64
		{DF810EFF-1899-4B16-A4A2-C16B175890A7}.Debug|Any CPU.ActiveCfg = Debug|Any CPU
		{DF810EFF-1899-4B16-A4A2-C16B175890A7}.Debug|Any CPU.Build.0 = Debug|Any CPU
		{DF810EFF-1899-4B16-A4A2-C16B175890A7}.Debug|x64.ActiveCfg = Debug|Any CPU
		{DF810EFF-1899-4B16-A4A2-C16B175890A7}.Debug|x64.Build.0 = Debug|Any CPU
		{DF810EFF-1899-4B16-A4A2-C16B175890A7}.Debug|x86.ActiveCfg = Debug|Any CPU
		{DF810EFF-1899-4B16-A4A2-C16B175890A7}.Debug|x86.Build.0 = Debug|Any CPU
		{DF810EFF-1899-4B16-A4A2-C16B175890A7}.MinSizeRel|Any CPU.ActiveCfg = Release|Any CPU
		{DF810EFF-1899-4B16-A4A2-C16B175890A7}.MinSizeRel|Any CPU.Build.0 = Release|Any CPU
		{DF810EFF-1899-4B16-A4A2-C16B175890A7}.MinSizeRel|x64.ActiveCfg = Release|Any CPU
		{DF810EFF-1899-4B16-A4A2-C16B175890A7}.MinSizeRel|x64.Build.0 = Release|Any CPU
		{DF810EFF-1899-4B16-A4A2-C16B175890A7}.MinSizeRel|x86.ActiveCfg = Release|Any CPU
		{DF810EFF-1899-4B16-A4A2-C16B175890A7}.MinSizeRel|x86.Build.0 = Release|Any CPU
		{DF810EFF-1899-4B16-A4A2-C16B175890A7}.Release|Any CPU.ActiveCfg = Release|Any CPU
		{DF810EFF-1899-4B16-A4A2-C16B175890A7}.Release|Any CPU.Build.0 = Release|Any CPU
		{DF810EFF-1899-4B16-A4A2-C16B175890A7}.Release|x64.ActiveCfg = Release|Any CPU
		{DF810EFF-1899-4B16-A4A2-C16B175890A7}.Release|x64.Build.0 = Release|Any CPU
		{DF810EFF-1899-4B16-A4A2-C16B175890A7}.Release|x86.ActiveCfg = Release|Any CPU
		{DF810EFF-1899-4B16-A4A2-C16B175890A7}.Release|x86.Build.0 = Release|Any CPU
		{DF810EFF-1899-4B16-A4A2-C16B175890A7}.RelWithDebInfo|Any CPU.ActiveCfg = Release|Any CPU
		{DF810EFF-1899-4B16-A4A2-C16B175890A7}.RelWithDebInfo|Any CPU.Build.0 = Release|Any CPU
		{DF810EFF-1899-4B16-A4A2-C16B175890A7}.RelWithDebInfo|x64.ActiveCfg = Release|Any CPU
		{DF810EFF-1899-4B16-A4A2-C16B175890A7}.RelWithDebInfo|x64.Build.0 = Release|Any CPU
		{DF810EFF-1899-4B16-A4A2-C16B175890A7}.RelWithDebInfo|x86.ActiveCfg = Release|Any CPU
		{DF810EFF-1899-4B16-A4A2-C16B175890A7}.RelWithDebInfo|x86.Build.0 = Release|Any CPU
		{E2BA6CBD-B975-479D-815D-D87B38C9E9C1}.Debug|Any CPU.ActiveCfg = Debug|Any CPU
		{E2BA6CBD-B975-479D-815D-D87B38C9E9C1}.Debug|Any CPU.Build.0 = Debug|Any CPU
		{E2BA6CBD-B975-479D-815D-D87B38C9E9C1}.Debug|x64.ActiveCfg = Debug|Any CPU
		{E2BA6CBD-B975-479D-815D-D87B38C9E9C1}.Debug|x64.Build.0 = Debug|Any CPU
		{E2BA6CBD-B975-479D-815D-D87B38C9E9C1}.Debug|x86.ActiveCfg = Debug|Any CPU
		{E2BA6CBD-B975-479D-815D-D87B38C9E9C1}.Debug|x86.Build.0 = Debug|Any CPU
		{E2BA6CBD-B975-479D-815D-D87B38C9E9C1}.MinSizeRel|Any CPU.ActiveCfg = Release|Any CPU
		{E2BA6CBD-B975-479D-815D-D87B38C9E9C1}.MinSizeRel|Any CPU.Build.0 = Release|Any CPU
		{E2BA6CBD-B975-479D-815D-D87B38C9E9C1}.MinSizeRel|x64.ActiveCfg = Release|Any CPU
		{E2BA6CBD-B975-479D-815D-D87B38C9E9C1}.MinSizeRel|x64.Build.0 = Release|Any CPU
		{E2BA6CBD-B975-479D-815D-D87B38C9E9C1}.MinSizeRel|x86.ActiveCfg = Release|Any CPU
		{E2BA6CBD-B975-479D-815D-D87B38C9E9C1}.MinSizeRel|x86.Build.0 = Release|Any CPU
		{E2BA6CBD-B975-479D-815D-D87B38C9E9C1}.Release|Any CPU.ActiveCfg = Release|Any CPU
		{E2BA6CBD-B975-479D-815D-D87B38C9E9C1}.Release|Any CPU.Build.0 = Release|Any CPU
		{E2BA6CBD-B975-479D-815D-D87B38C9E9C1}.Release|x64.ActiveCfg = Release|Any CPU
		{E2BA6CBD-B975-479D-815D-D87B38C9E9C1}.Release|x64.Build.0 = Release|Any CPU
		{E2BA6CBD-B975-479D-815D-D87B38C9E9C1}.Release|x86.ActiveCfg = Release|Any CPU
		{E2BA6CBD-B975-479D-815D-D87B38C9E9C1}.Release|x86.Build.0 = Release|Any CPU
		{E2BA6CBD-B975-479D-815D-D87B38C9E9C1}.RelWithDebInfo|Any CPU.ActiveCfg = Release|Any CPU
		{E2BA6CBD-B975-479D-815D-D87B38C9E9C1}.RelWithDebInfo|Any CPU.Build.0 = Release|Any CPU
		{E2BA6CBD-B975-479D-815D-D87B38C9E9C1}.RelWithDebInfo|x64.ActiveCfg = Release|Any CPU
		{E2BA6CBD-B975-479D-815D-D87B38C9E9C1}.RelWithDebInfo|x64.Build.0 = Release|Any CPU
		{E2BA6CBD-B975-479D-815D-D87B38C9E9C1}.RelWithDebInfo|x86.ActiveCfg = Release|Any CPU
		{E2BA6CBD-B975-479D-815D-D87B38C9E9C1}.RelWithDebInfo|x86.Build.0 = Release|Any CPU
		{2805EC1C-C7F7-429B-8CC0-D9ED1F0D954C}.Debug|Any CPU.ActiveCfg = Debug|Any CPU
		{2805EC1C-C7F7-429B-8CC0-D9ED1F0D954C}.Debug|Any CPU.Build.0 = Debug|Any CPU
		{2805EC1C-C7F7-429B-8CC0-D9ED1F0D954C}.Debug|x64.ActiveCfg = Debug|Any CPU
		{2805EC1C-C7F7-429B-8CC0-D9ED1F0D954C}.Debug|x64.Build.0 = Debug|Any CPU
		{2805EC1C-C7F7-429B-8CC0-D9ED1F0D954C}.Debug|x64.Deploy.0 = Debug|Any CPU
		{2805EC1C-C7F7-429B-8CC0-D9ED1F0D954C}.Debug|x86.ActiveCfg = Debug|Any CPU
		{2805EC1C-C7F7-429B-8CC0-D9ED1F0D954C}.Debug|x86.Build.0 = Debug|Any CPU
		{2805EC1C-C7F7-429B-8CC0-D9ED1F0D954C}.Debug|x86.Deploy.0 = Debug|Any CPU
		{2805EC1C-C7F7-429B-8CC0-D9ED1F0D954C}.MinSizeRel|Any CPU.ActiveCfg = Release|Any CPU
		{2805EC1C-C7F7-429B-8CC0-D9ED1F0D954C}.MinSizeRel|Any CPU.Build.0 = Release|Any CPU
		{2805EC1C-C7F7-429B-8CC0-D9ED1F0D954C}.MinSizeRel|Any CPU.Deploy.0 = Release|Any CPU
		{2805EC1C-C7F7-429B-8CC0-D9ED1F0D954C}.MinSizeRel|x64.ActiveCfg = Release|Any CPU
		{2805EC1C-C7F7-429B-8CC0-D9ED1F0D954C}.MinSizeRel|x64.Build.0 = Release|Any CPU
		{2805EC1C-C7F7-429B-8CC0-D9ED1F0D954C}.MinSizeRel|x64.Deploy.0 = Release|Any CPU
		{2805EC1C-C7F7-429B-8CC0-D9ED1F0D954C}.MinSizeRel|x86.ActiveCfg = Release|Any CPU
		{2805EC1C-C7F7-429B-8CC0-D9ED1F0D954C}.MinSizeRel|x86.Build.0 = Release|Any CPU
		{2805EC1C-C7F7-429B-8CC0-D9ED1F0D954C}.MinSizeRel|x86.Deploy.0 = Release|Any CPU
		{2805EC1C-C7F7-429B-8CC0-D9ED1F0D954C}.Release|Any CPU.ActiveCfg = Release|Any CPU
		{2805EC1C-C7F7-429B-8CC0-D9ED1F0D954C}.Release|Any CPU.Build.0 = Release|Any CPU
		{2805EC1C-C7F7-429B-8CC0-D9ED1F0D954C}.Release|Any CPU.Deploy.0 = Release|Any CPU
		{2805EC1C-C7F7-429B-8CC0-D9ED1F0D954C}.Release|x64.ActiveCfg = Release|Any CPU
		{2805EC1C-C7F7-429B-8CC0-D9ED1F0D954C}.Release|x64.Build.0 = Release|Any CPU
		{2805EC1C-C7F7-429B-8CC0-D9ED1F0D954C}.Release|x64.Deploy.0 = Release|Any CPU
		{2805EC1C-C7F7-429B-8CC0-D9ED1F0D954C}.Release|x86.ActiveCfg = Release|Any CPU
		{2805EC1C-C7F7-429B-8CC0-D9ED1F0D954C}.Release|x86.Build.0 = Release|Any CPU
		{2805EC1C-C7F7-429B-8CC0-D9ED1F0D954C}.Release|x86.Deploy.0 = Release|Any CPU
		{2805EC1C-C7F7-429B-8CC0-D9ED1F0D954C}.RelWithDebInfo|Any CPU.ActiveCfg = Release|Any CPU
		{2805EC1C-C7F7-429B-8CC0-D9ED1F0D954C}.RelWithDebInfo|Any CPU.Build.0 = Release|Any CPU
		{2805EC1C-C7F7-429B-8CC0-D9ED1F0D954C}.RelWithDebInfo|Any CPU.Deploy.0 = Release|Any CPU
		{2805EC1C-C7F7-429B-8CC0-D9ED1F0D954C}.RelWithDebInfo|x64.ActiveCfg = Release|Any CPU
		{2805EC1C-C7F7-429B-8CC0-D9ED1F0D954C}.RelWithDebInfo|x64.Build.0 = Release|Any CPU
		{2805EC1C-C7F7-429B-8CC0-D9ED1F0D954C}.RelWithDebInfo|x64.Deploy.0 = Release|Any CPU
		{2805EC1C-C7F7-429B-8CC0-D9ED1F0D954C}.RelWithDebInfo|x86.ActiveCfg = Release|Any CPU
		{2805EC1C-C7F7-429B-8CC0-D9ED1F0D954C}.RelWithDebInfo|x86.Build.0 = Release|Any CPU
		{2805EC1C-C7F7-429B-8CC0-D9ED1F0D954C}.RelWithDebInfo|x86.Deploy.0 = Release|Any CPU
		{EFC000CC-4122-464A-B800-921F86A77A25}.Debug|Any CPU.ActiveCfg = Debug|Any CPU
		{EFC000CC-4122-464A-B800-921F86A77A25}.Debug|Any CPU.Build.0 = Debug|Any CPU
		{EFC000CC-4122-464A-B800-921F86A77A25}.Debug|x64.ActiveCfg = Debug|Any CPU
		{EFC000CC-4122-464A-B800-921F86A77A25}.Debug|x64.Build.0 = Debug|Any CPU
		{EFC000CC-4122-464A-B800-921F86A77A25}.Debug|x86.ActiveCfg = Debug|Any CPU
		{EFC000CC-4122-464A-B800-921F86A77A25}.Debug|x86.Build.0 = Debug|Any CPU
		{EFC000CC-4122-464A-B800-921F86A77A25}.MinSizeRel|Any CPU.ActiveCfg = Release|Any CPU
		{EFC000CC-4122-464A-B800-921F86A77A25}.MinSizeRel|Any CPU.Build.0 = Release|Any CPU
		{EFC000CC-4122-464A-B800-921F86A77A25}.MinSizeRel|x64.ActiveCfg = Release|Any CPU
		{EFC000CC-4122-464A-B800-921F86A77A25}.MinSizeRel|x64.Build.0 = Release|Any CPU
		{EFC000CC-4122-464A-B800-921F86A77A25}.MinSizeRel|x86.ActiveCfg = Release|Any CPU
		{EFC000CC-4122-464A-B800-921F86A77A25}.MinSizeRel|x86.Build.0 = Release|Any CPU
		{EFC000CC-4122-464A-B800-921F86A77A25}.Release|Any CPU.ActiveCfg = Release|Any CPU
		{EFC000CC-4122-464A-B800-921F86A77A25}.Release|Any CPU.Build.0 = Release|Any CPU
		{EFC000CC-4122-464A-B800-921F86A77A25}.Release|x64.ActiveCfg = Release|Any CPU
		{EFC000CC-4122-464A-B800-921F86A77A25}.Release|x64.Build.0 = Release|Any CPU
		{EFC000CC-4122-464A-B800-921F86A77A25}.Release|x86.ActiveCfg = Release|Any CPU
		{EFC000CC-4122-464A-B800-921F86A77A25}.Release|x86.Build.0 = Release|Any CPU
		{EFC000CC-4122-464A-B800-921F86A77A25}.RelWithDebInfo|Any CPU.ActiveCfg = Release|Any CPU
		{EFC000CC-4122-464A-B800-921F86A77A25}.RelWithDebInfo|Any CPU.Build.0 = Release|Any CPU
		{EFC000CC-4122-464A-B800-921F86A77A25}.RelWithDebInfo|x64.ActiveCfg = Release|Any CPU
		{EFC000CC-4122-464A-B800-921F86A77A25}.RelWithDebInfo|x64.Build.0 = Release|Any CPU
		{EFC000CC-4122-464A-B800-921F86A77A25}.RelWithDebInfo|x86.ActiveCfg = Release|Any CPU
		{EFC000CC-4122-464A-B800-921F86A77A25}.RelWithDebInfo|x86.Build.0 = Release|Any CPU
		{D5D60B98-8610-4EAA-ACD6-4D91CCB33141}.Debug|Any CPU.ActiveCfg = Debug|Any CPU
		{D5D60B98-8610-4EAA-ACD6-4D91CCB33141}.Debug|Any CPU.Build.0 = Debug|Any CPU
		{D5D60B98-8610-4EAA-ACD6-4D91CCB33141}.Debug|x64.ActiveCfg = Debug|Any CPU
		{D5D60B98-8610-4EAA-ACD6-4D91CCB33141}.Debug|x64.Build.0 = Debug|Any CPU
		{D5D60B98-8610-4EAA-ACD6-4D91CCB33141}.Debug|x86.ActiveCfg = Debug|Any CPU
		{D5D60B98-8610-4EAA-ACD6-4D91CCB33141}.Debug|x86.Build.0 = Debug|Any CPU
		{D5D60B98-8610-4EAA-ACD6-4D91CCB33141}.MinSizeRel|Any CPU.ActiveCfg = Release|Any CPU
		{D5D60B98-8610-4EAA-ACD6-4D91CCB33141}.MinSizeRel|Any CPU.Build.0 = Release|Any CPU
		{D5D60B98-8610-4EAA-ACD6-4D91CCB33141}.MinSizeRel|x64.ActiveCfg = Release|Any CPU
		{D5D60B98-8610-4EAA-ACD6-4D91CCB33141}.MinSizeRel|x64.Build.0 = Release|Any CPU
		{D5D60B98-8610-4EAA-ACD6-4D91CCB33141}.MinSizeRel|x86.ActiveCfg = Release|Any CPU
		{D5D60B98-8610-4EAA-ACD6-4D91CCB33141}.MinSizeRel|x86.Build.0 = Release|Any CPU
		{D5D60B98-8610-4EAA-ACD6-4D91CCB33141}.Release|Any CPU.ActiveCfg = Release|Any CPU
		{D5D60B98-8610-4EAA-ACD6-4D91CCB33141}.Release|Any CPU.Build.0 = Release|Any CPU
		{D5D60B98-8610-4EAA-ACD6-4D91CCB33141}.Release|x64.ActiveCfg = Release|Any CPU
		{D5D60B98-8610-4EAA-ACD6-4D91CCB33141}.Release|x64.Build.0 = Release|Any CPU
		{D5D60B98-8610-4EAA-ACD6-4D91CCB33141}.Release|x86.ActiveCfg = Release|Any CPU
		{D5D60B98-8610-4EAA-ACD6-4D91CCB33141}.Release|x86.Build.0 = Release|Any CPU
		{D5D60B98-8610-4EAA-ACD6-4D91CCB33141}.RelWithDebInfo|Any CPU.ActiveCfg = Release|Any CPU
		{D5D60B98-8610-4EAA-ACD6-4D91CCB33141}.RelWithDebInfo|Any CPU.Build.0 = Release|Any CPU
		{D5D60B98-8610-4EAA-ACD6-4D91CCB33141}.RelWithDebInfo|x64.ActiveCfg = Release|Any CPU
		{D5D60B98-8610-4EAA-ACD6-4D91CCB33141}.RelWithDebInfo|x64.Build.0 = Release|Any CPU
		{D5D60B98-8610-4EAA-ACD6-4D91CCB33141}.RelWithDebInfo|x86.ActiveCfg = Release|Any CPU
		{D5D60B98-8610-4EAA-ACD6-4D91CCB33141}.RelWithDebInfo|x86.Build.0 = Release|Any CPU
		{15936ED3-078E-4E06-A517-65434CC28E90}.Debug|Any CPU.ActiveCfg = Debug|Any CPU
		{15936ED3-078E-4E06-A517-65434CC28E90}.Debug|Any CPU.Build.0 = Debug|Any CPU
		{15936ED3-078E-4E06-A517-65434CC28E90}.Debug|x64.ActiveCfg = Debug|Any CPU
		{15936ED3-078E-4E06-A517-65434CC28E90}.Debug|x64.Build.0 = Debug|Any CPU
		{15936ED3-078E-4E06-A517-65434CC28E90}.Debug|x86.ActiveCfg = Debug|Any CPU
		{15936ED3-078E-4E06-A517-65434CC28E90}.Debug|x86.Build.0 = Debug|Any CPU
		{15936ED3-078E-4E06-A517-65434CC28E90}.MinSizeRel|Any CPU.ActiveCfg = Release|Any CPU
		{15936ED3-078E-4E06-A517-65434CC28E90}.MinSizeRel|Any CPU.Build.0 = Release|Any CPU
		{15936ED3-078E-4E06-A517-65434CC28E90}.MinSizeRel|x64.ActiveCfg = Release|Any CPU
		{15936ED3-078E-4E06-A517-65434CC28E90}.MinSizeRel|x64.Build.0 = Release|Any CPU
		{15936ED3-078E-4E06-A517-65434CC28E90}.MinSizeRel|x86.ActiveCfg = Release|Any CPU
		{15936ED3-078E-4E06-A517-65434CC28E90}.MinSizeRel|x86.Build.0 = Release|Any CPU
		{15936ED3-078E-4E06-A517-65434CC28E90}.Release|Any CPU.ActiveCfg = Release|Any CPU
		{15936ED3-078E-4E06-A517-65434CC28E90}.Release|Any CPU.Build.0 = Release|Any CPU
		{15936ED3-078E-4E06-A517-65434CC28E90}.Release|x64.ActiveCfg = Release|Any CPU
		{15936ED3-078E-4E06-A517-65434CC28E90}.Release|x64.Build.0 = Release|Any CPU
		{15936ED3-078E-4E06-A517-65434CC28E90}.Release|x86.ActiveCfg = Release|Any CPU
		{15936ED3-078E-4E06-A517-65434CC28E90}.Release|x86.Build.0 = Release|Any CPU
		{15936ED3-078E-4E06-A517-65434CC28E90}.RelWithDebInfo|Any CPU.ActiveCfg = Release|Any CPU
		{15936ED3-078E-4E06-A517-65434CC28E90}.RelWithDebInfo|Any CPU.Build.0 = Release|Any CPU
		{15936ED3-078E-4E06-A517-65434CC28E90}.RelWithDebInfo|x64.ActiveCfg = Release|Any CPU
		{15936ED3-078E-4E06-A517-65434CC28E90}.RelWithDebInfo|x64.Build.0 = Release|Any CPU
		{15936ED3-078E-4E06-A517-65434CC28E90}.RelWithDebInfo|x86.ActiveCfg = Release|Any CPU
		{15936ED3-078E-4E06-A517-65434CC28E90}.RelWithDebInfo|x86.Build.0 = Release|Any CPU
		{0BA62FDF-71AD-4B8A-A6B0-35EFF3C300C4}.Debug|Any CPU.ActiveCfg = Debug|Any CPU
		{0BA62FDF-71AD-4B8A-A6B0-35EFF3C300C4}.Debug|Any CPU.Build.0 = Debug|Any CPU
		{0BA62FDF-71AD-4B8A-A6B0-35EFF3C300C4}.Debug|x64.ActiveCfg = Debug|Any CPU
		{0BA62FDF-71AD-4B8A-A6B0-35EFF3C300C4}.Debug|x64.Build.0 = Debug|Any CPU
		{0BA62FDF-71AD-4B8A-A6B0-35EFF3C300C4}.Debug|x86.ActiveCfg = Debug|Any CPU
		{0BA62FDF-71AD-4B8A-A6B0-35EFF3C300C4}.Debug|x86.Build.0 = Debug|Any CPU
		{0BA62FDF-71AD-4B8A-A6B0-35EFF3C300C4}.MinSizeRel|Any CPU.ActiveCfg = Release|Any CPU
		{0BA62FDF-71AD-4B8A-A6B0-35EFF3C300C4}.MinSizeRel|Any CPU.Build.0 = Release|Any CPU
		{0BA62FDF-71AD-4B8A-A6B0-35EFF3C300C4}.MinSizeRel|x64.ActiveCfg = Release|Any CPU
		{0BA62FDF-71AD-4B8A-A6B0-35EFF3C300C4}.MinSizeRel|x64.Build.0 = Release|Any CPU
		{0BA62FDF-71AD-4B8A-A6B0-35EFF3C300C4}.MinSizeRel|x86.ActiveCfg = Release|Any CPU
		{0BA62FDF-71AD-4B8A-A6B0-35EFF3C300C4}.MinSizeRel|x86.Build.0 = Release|Any CPU
		{0BA62FDF-71AD-4B8A-A6B0-35EFF3C300C4}.Release|Any CPU.ActiveCfg = Release|Any CPU
		{0BA62FDF-71AD-4B8A-A6B0-35EFF3C300C4}.Release|Any CPU.Build.0 = Release|Any CPU
		{0BA62FDF-71AD-4B8A-A6B0-35EFF3C300C4}.Release|x64.ActiveCfg = Release|Any CPU
		{0BA62FDF-71AD-4B8A-A6B0-35EFF3C300C4}.Release|x64.Build.0 = Release|Any CPU
		{0BA62FDF-71AD-4B8A-A6B0-35EFF3C300C4}.Release|x86.ActiveCfg = Release|Any CPU
		{0BA62FDF-71AD-4B8A-A6B0-35EFF3C300C4}.Release|x86.Build.0 = Release|Any CPU
		{0BA62FDF-71AD-4B8A-A6B0-35EFF3C300C4}.RelWithDebInfo|Any CPU.ActiveCfg = Release|Any CPU
		{0BA62FDF-71AD-4B8A-A6B0-35EFF3C300C4}.RelWithDebInfo|Any CPU.Build.0 = Release|Any CPU
		{0BA62FDF-71AD-4B8A-A6B0-35EFF3C300C4}.RelWithDebInfo|x64.ActiveCfg = Release|Any CPU
		{0BA62FDF-71AD-4B8A-A6B0-35EFF3C300C4}.RelWithDebInfo|x64.Build.0 = Release|Any CPU
		{0BA62FDF-71AD-4B8A-A6B0-35EFF3C300C4}.RelWithDebInfo|x86.ActiveCfg = Release|Any CPU
		{0BA62FDF-71AD-4B8A-A6B0-35EFF3C300C4}.RelWithDebInfo|x86.Build.0 = Release|Any CPU
		{9BD1EE7F-6D1A-481F-8D13-F3205EEBD454}.Debug|Any CPU.ActiveCfg = Debug|Any CPU
		{9BD1EE7F-6D1A-481F-8D13-F3205EEBD454}.Debug|Any CPU.Build.0 = Debug|Any CPU
		{9BD1EE7F-6D1A-481F-8D13-F3205EEBD454}.Debug|x64.ActiveCfg = Debug|Any CPU
		{9BD1EE7F-6D1A-481F-8D13-F3205EEBD454}.Debug|x64.Build.0 = Debug|Any CPU
		{9BD1EE7F-6D1A-481F-8D13-F3205EEBD454}.Debug|x86.ActiveCfg = Debug|Any CPU
		{9BD1EE7F-6D1A-481F-8D13-F3205EEBD454}.Debug|x86.Build.0 = Debug|Any CPU
		{9BD1EE7F-6D1A-481F-8D13-F3205EEBD454}.MinSizeRel|Any CPU.ActiveCfg = Release|Any CPU
		{9BD1EE7F-6D1A-481F-8D13-F3205EEBD454}.MinSizeRel|Any CPU.Build.0 = Release|Any CPU
		{9BD1EE7F-6D1A-481F-8D13-F3205EEBD454}.MinSizeRel|x64.ActiveCfg = Release|Any CPU
		{9BD1EE7F-6D1A-481F-8D13-F3205EEBD454}.MinSizeRel|x64.Build.0 = Release|Any CPU
		{9BD1EE7F-6D1A-481F-8D13-F3205EEBD454}.MinSizeRel|x86.ActiveCfg = Release|Any CPU
		{9BD1EE7F-6D1A-481F-8D13-F3205EEBD454}.MinSizeRel|x86.Build.0 = Release|Any CPU
		{9BD1EE7F-6D1A-481F-8D13-F3205EEBD454}.Release|Any CPU.ActiveCfg = Release|Any CPU
		{9BD1EE7F-6D1A-481F-8D13-F3205EEBD454}.Release|Any CPU.Build.0 = Release|Any CPU
		{9BD1EE7F-6D1A-481F-8D13-F3205EEBD454}.Release|x64.ActiveCfg = Release|Any CPU
		{9BD1EE7F-6D1A-481F-8D13-F3205EEBD454}.Release|x64.Build.0 = Release|Any CPU
		{9BD1EE7F-6D1A-481F-8D13-F3205EEBD454}.Release|x86.ActiveCfg = Release|Any CPU
		{9BD1EE7F-6D1A-481F-8D13-F3205EEBD454}.Release|x86.Build.0 = Release|Any CPU
		{9BD1EE7F-6D1A-481F-8D13-F3205EEBD454}.RelWithDebInfo|Any CPU.ActiveCfg = Release|Any CPU
		{9BD1EE7F-6D1A-481F-8D13-F3205EEBD454}.RelWithDebInfo|Any CPU.Build.0 = Release|Any CPU
		{9BD1EE7F-6D1A-481F-8D13-F3205EEBD454}.RelWithDebInfo|x64.ActiveCfg = Release|Any CPU
		{9BD1EE7F-6D1A-481F-8D13-F3205EEBD454}.RelWithDebInfo|x64.Build.0 = Release|Any CPU
		{9BD1EE7F-6D1A-481F-8D13-F3205EEBD454}.RelWithDebInfo|x86.ActiveCfg = Release|Any CPU
		{9BD1EE7F-6D1A-481F-8D13-F3205EEBD454}.RelWithDebInfo|x86.Build.0 = Release|Any CPU
		{9119490C-E582-4E55-AFA5-6A51680711BA}.Debug|Any CPU.ActiveCfg = Debug|Any CPU
		{9119490C-E582-4E55-AFA5-6A51680711BA}.Debug|Any CPU.Build.0 = Debug|Any CPU
		{9119490C-E582-4E55-AFA5-6A51680711BA}.Debug|x64.ActiveCfg = Debug|Any CPU
		{9119490C-E582-4E55-AFA5-6A51680711BA}.Debug|x64.Build.0 = Debug|Any CPU
		{9119490C-E582-4E55-AFA5-6A51680711BA}.Debug|x86.ActiveCfg = Debug|Any CPU
		{9119490C-E582-4E55-AFA5-6A51680711BA}.Debug|x86.Build.0 = Debug|Any CPU
		{9119490C-E582-4E55-AFA5-6A51680711BA}.MinSizeRel|Any CPU.ActiveCfg = Release|Any CPU
		{9119490C-E582-4E55-AFA5-6A51680711BA}.MinSizeRel|Any CPU.Build.0 = Release|Any CPU
		{9119490C-E582-4E55-AFA5-6A51680711BA}.MinSizeRel|x64.ActiveCfg = Release|Any CPU
		{9119490C-E582-4E55-AFA5-6A51680711BA}.MinSizeRel|x64.Build.0 = Release|Any CPU
		{9119490C-E582-4E55-AFA5-6A51680711BA}.MinSizeRel|x86.ActiveCfg = Release|Any CPU
		{9119490C-E582-4E55-AFA5-6A51680711BA}.MinSizeRel|x86.Build.0 = Release|Any CPU
		{9119490C-E582-4E55-AFA5-6A51680711BA}.Release|Any CPU.ActiveCfg = Release|Any CPU
		{9119490C-E582-4E55-AFA5-6A51680711BA}.Release|Any CPU.Build.0 = Release|Any CPU
		{9119490C-E582-4E55-AFA5-6A51680711BA}.Release|x64.ActiveCfg = Release|Any CPU
		{9119490C-E582-4E55-AFA5-6A51680711BA}.Release|x64.Build.0 = Release|Any CPU
		{9119490C-E582-4E55-AFA5-6A51680711BA}.Release|x86.ActiveCfg = Release|Any CPU
		{9119490C-E582-4E55-AFA5-6A51680711BA}.Release|x86.Build.0 = Release|Any CPU
		{9119490C-E582-4E55-AFA5-6A51680711BA}.RelWithDebInfo|Any CPU.ActiveCfg = Release|Any CPU
		{9119490C-E582-4E55-AFA5-6A51680711BA}.RelWithDebInfo|Any CPU.Build.0 = Release|Any CPU
		{9119490C-E582-4E55-AFA5-6A51680711BA}.RelWithDebInfo|x64.ActiveCfg = Release|Any CPU
		{9119490C-E582-4E55-AFA5-6A51680711BA}.RelWithDebInfo|x64.Build.0 = Release|Any CPU
		{9119490C-E582-4E55-AFA5-6A51680711BA}.RelWithDebInfo|x86.ActiveCfg = Release|Any CPU
		{9119490C-E582-4E55-AFA5-6A51680711BA}.RelWithDebInfo|x86.Build.0 = Release|Any CPU
		{41BDFD3A-8C3B-402D-BED6-5FC81EE1A22A}.Debug|Any CPU.ActiveCfg = Debug|Any CPU
		{41BDFD3A-8C3B-402D-BED6-5FC81EE1A22A}.Debug|Any CPU.Build.0 = Debug|Any CPU
		{41BDFD3A-8C3B-402D-BED6-5FC81EE1A22A}.Debug|x64.ActiveCfg = Debug|Any CPU
		{41BDFD3A-8C3B-402D-BED6-5FC81EE1A22A}.Debug|x64.Build.0 = Debug|Any CPU
		{41BDFD3A-8C3B-402D-BED6-5FC81EE1A22A}.Debug|x86.ActiveCfg = Debug|Any CPU
		{41BDFD3A-8C3B-402D-BED6-5FC81EE1A22A}.Debug|x86.Build.0 = Debug|Any CPU
		{41BDFD3A-8C3B-402D-BED6-5FC81EE1A22A}.MinSizeRel|Any CPU.ActiveCfg = Debug|Any CPU
		{41BDFD3A-8C3B-402D-BED6-5FC81EE1A22A}.MinSizeRel|Any CPU.Build.0 = Debug|Any CPU
		{41BDFD3A-8C3B-402D-BED6-5FC81EE1A22A}.MinSizeRel|x64.ActiveCfg = Debug|Any CPU
		{41BDFD3A-8C3B-402D-BED6-5FC81EE1A22A}.MinSizeRel|x64.Build.0 = Debug|Any CPU
		{41BDFD3A-8C3B-402D-BED6-5FC81EE1A22A}.MinSizeRel|x86.ActiveCfg = Debug|Any CPU
		{41BDFD3A-8C3B-402D-BED6-5FC81EE1A22A}.MinSizeRel|x86.Build.0 = Debug|Any CPU
		{41BDFD3A-8C3B-402D-BED6-5FC81EE1A22A}.Release|Any CPU.ActiveCfg = Release|Any CPU
		{41BDFD3A-8C3B-402D-BED6-5FC81EE1A22A}.Release|Any CPU.Build.0 = Release|Any CPU
		{41BDFD3A-8C3B-402D-BED6-5FC81EE1A22A}.Release|x64.ActiveCfg = Release|Any CPU
		{41BDFD3A-8C3B-402D-BED6-5FC81EE1A22A}.Release|x64.Build.0 = Release|Any CPU
		{41BDFD3A-8C3B-402D-BED6-5FC81EE1A22A}.Release|x86.ActiveCfg = Release|Any CPU
		{41BDFD3A-8C3B-402D-BED6-5FC81EE1A22A}.Release|x86.Build.0 = Release|Any CPU
		{41BDFD3A-8C3B-402D-BED6-5FC81EE1A22A}.RelWithDebInfo|Any CPU.ActiveCfg = Release|Any CPU
		{41BDFD3A-8C3B-402D-BED6-5FC81EE1A22A}.RelWithDebInfo|Any CPU.Build.0 = Release|Any CPU
		{41BDFD3A-8C3B-402D-BED6-5FC81EE1A22A}.RelWithDebInfo|x64.ActiveCfg = Release|Any CPU
		{41BDFD3A-8C3B-402D-BED6-5FC81EE1A22A}.RelWithDebInfo|x64.Build.0 = Release|Any CPU
		{41BDFD3A-8C3B-402D-BED6-5FC81EE1A22A}.RelWithDebInfo|x86.ActiveCfg = Release|Any CPU
		{41BDFD3A-8C3B-402D-BED6-5FC81EE1A22A}.RelWithDebInfo|x86.Build.0 = Release|Any CPU
		{CC5E7BD5-4B3A-4723-A00E-9B174B94F3F0}.Debug|Any CPU.ActiveCfg = Debug|Any CPU
		{CC5E7BD5-4B3A-4723-A00E-9B174B94F3F0}.Debug|Any CPU.Build.0 = Debug|Any CPU
		{CC5E7BD5-4B3A-4723-A00E-9B174B94F3F0}.Debug|x64.ActiveCfg = Debug|Any CPU
		{CC5E7BD5-4B3A-4723-A00E-9B174B94F3F0}.Debug|x64.Build.0 = Debug|Any CPU
		{CC5E7BD5-4B3A-4723-A00E-9B174B94F3F0}.Debug|x86.ActiveCfg = Debug|Any CPU
		{CC5E7BD5-4B3A-4723-A00E-9B174B94F3F0}.Debug|x86.Build.0 = Debug|Any CPU
		{CC5E7BD5-4B3A-4723-A00E-9B174B94F3F0}.MinSizeRel|Any CPU.ActiveCfg = Debug|Any CPU
		{CC5E7BD5-4B3A-4723-A00E-9B174B94F3F0}.MinSizeRel|Any CPU.Build.0 = Debug|Any CPU
		{CC5E7BD5-4B3A-4723-A00E-9B174B94F3F0}.MinSizeRel|x64.ActiveCfg = Debug|Any CPU
		{CC5E7BD5-4B3A-4723-A00E-9B174B94F3F0}.MinSizeRel|x64.Build.0 = Debug|Any CPU
		{CC5E7BD5-4B3A-4723-A00E-9B174B94F3F0}.MinSizeRel|x86.ActiveCfg = Debug|Any CPU
		{CC5E7BD5-4B3A-4723-A00E-9B174B94F3F0}.MinSizeRel|x86.Build.0 = Debug|Any CPU
		{CC5E7BD5-4B3A-4723-A00E-9B174B94F3F0}.Release|Any CPU.ActiveCfg = Release|Any CPU
		{CC5E7BD5-4B3A-4723-A00E-9B174B94F3F0}.Release|Any CPU.Build.0 = Release|Any CPU
		{CC5E7BD5-4B3A-4723-A00E-9B174B94F3F0}.Release|x64.ActiveCfg = Release|Any CPU
		{CC5E7BD5-4B3A-4723-A00E-9B174B94F3F0}.Release|x64.Build.0 = Release|Any CPU
		{CC5E7BD5-4B3A-4723-A00E-9B174B94F3F0}.Release|x86.ActiveCfg = Release|Any CPU
		{CC5E7BD5-4B3A-4723-A00E-9B174B94F3F0}.Release|x86.Build.0 = Release|Any CPU
		{CC5E7BD5-4B3A-4723-A00E-9B174B94F3F0}.RelWithDebInfo|Any CPU.ActiveCfg = Release|Any CPU
		{CC5E7BD5-4B3A-4723-A00E-9B174B94F3F0}.RelWithDebInfo|Any CPU.Build.0 = Release|Any CPU
		{CC5E7BD5-4B3A-4723-A00E-9B174B94F3F0}.RelWithDebInfo|x64.ActiveCfg = Release|Any CPU
		{CC5E7BD5-4B3A-4723-A00E-9B174B94F3F0}.RelWithDebInfo|x64.Build.0 = Release|Any CPU
		{CC5E7BD5-4B3A-4723-A00E-9B174B94F3F0}.RelWithDebInfo|x86.ActiveCfg = Release|Any CPU
		{CC5E7BD5-4B3A-4723-A00E-9B174B94F3F0}.RelWithDebInfo|x86.Build.0 = Release|Any CPU
		{6364D1FB-C274-4A0E-A4FB-1C6704B71B5E}.Debug|Any CPU.ActiveCfg = Debug|Any CPU
		{6364D1FB-C274-4A0E-A4FB-1C6704B71B5E}.Debug|Any CPU.Build.0 = Debug|Any CPU
		{6364D1FB-C274-4A0E-A4FB-1C6704B71B5E}.Debug|x64.ActiveCfg = Debug|Any CPU
		{6364D1FB-C274-4A0E-A4FB-1C6704B71B5E}.Debug|x64.Build.0 = Debug|Any CPU
		{6364D1FB-C274-4A0E-A4FB-1C6704B71B5E}.Debug|x86.ActiveCfg = Debug|Any CPU
		{6364D1FB-C274-4A0E-A4FB-1C6704B71B5E}.Debug|x86.Build.0 = Debug|Any CPU
		{6364D1FB-C274-4A0E-A4FB-1C6704B71B5E}.MinSizeRel|Any CPU.ActiveCfg = Debug|Any CPU
		{6364D1FB-C274-4A0E-A4FB-1C6704B71B5E}.MinSizeRel|Any CPU.Build.0 = Debug|Any CPU
		{6364D1FB-C274-4A0E-A4FB-1C6704B71B5E}.MinSizeRel|x64.ActiveCfg = Debug|Any CPU
		{6364D1FB-C274-4A0E-A4FB-1C6704B71B5E}.MinSizeRel|x64.Build.0 = Debug|Any CPU
		{6364D1FB-C274-4A0E-A4FB-1C6704B71B5E}.MinSizeRel|x86.ActiveCfg = Debug|Any CPU
		{6364D1FB-C274-4A0E-A4FB-1C6704B71B5E}.MinSizeRel|x86.Build.0 = Debug|Any CPU
		{6364D1FB-C274-4A0E-A4FB-1C6704B71B5E}.Release|Any CPU.ActiveCfg = Release|Any CPU
		{6364D1FB-C274-4A0E-A4FB-1C6704B71B5E}.Release|Any CPU.Build.0 = Release|Any CPU
		{6364D1FB-C274-4A0E-A4FB-1C6704B71B5E}.Release|x64.ActiveCfg = Release|Any CPU
		{6364D1FB-C274-4A0E-A4FB-1C6704B71B5E}.Release|x64.Build.0 = Release|Any CPU
		{6364D1FB-C274-4A0E-A4FB-1C6704B71B5E}.Release|x86.ActiveCfg = Release|Any CPU
		{6364D1FB-C274-4A0E-A4FB-1C6704B71B5E}.Release|x86.Build.0 = Release|Any CPU
		{6364D1FB-C274-4A0E-A4FB-1C6704B71B5E}.RelWithDebInfo|Any CPU.ActiveCfg = Debug|Any CPU
		{6364D1FB-C274-4A0E-A4FB-1C6704B71B5E}.RelWithDebInfo|Any CPU.Build.0 = Debug|Any CPU
		{6364D1FB-C274-4A0E-A4FB-1C6704B71B5E}.RelWithDebInfo|x64.ActiveCfg = Debug|Any CPU
		{6364D1FB-C274-4A0E-A4FB-1C6704B71B5E}.RelWithDebInfo|x64.Build.0 = Debug|Any CPU
		{6364D1FB-C274-4A0E-A4FB-1C6704B71B5E}.RelWithDebInfo|x86.ActiveCfg = Debug|Any CPU
		{6364D1FB-C274-4A0E-A4FB-1C6704B71B5E}.RelWithDebInfo|x86.Build.0 = Debug|Any CPU
		{D66BAE42-2334-481E-A60C-2B6210BB1F61}.Debug|Any CPU.ActiveCfg = Debug|Any CPU
		{D66BAE42-2334-481E-A60C-2B6210BB1F61}.Debug|Any CPU.Build.0 = Debug|Any CPU
		{D66BAE42-2334-481E-A60C-2B6210BB1F61}.Debug|x64.ActiveCfg = Debug|Any CPU
		{D66BAE42-2334-481E-A60C-2B6210BB1F61}.Debug|x64.Build.0 = Debug|Any CPU
		{D66BAE42-2334-481E-A60C-2B6210BB1F61}.Debug|x86.ActiveCfg = Debug|Any CPU
		{D66BAE42-2334-481E-A60C-2B6210BB1F61}.Debug|x86.Build.0 = Debug|Any CPU
		{D66BAE42-2334-481E-A60C-2B6210BB1F61}.MinSizeRel|Any CPU.ActiveCfg = Debug|Any CPU
		{D66BAE42-2334-481E-A60C-2B6210BB1F61}.MinSizeRel|Any CPU.Build.0 = Debug|Any CPU
		{D66BAE42-2334-481E-A60C-2B6210BB1F61}.MinSizeRel|x64.ActiveCfg = Debug|Any CPU
		{D66BAE42-2334-481E-A60C-2B6210BB1F61}.MinSizeRel|x64.Build.0 = Debug|Any CPU
		{D66BAE42-2334-481E-A60C-2B6210BB1F61}.MinSizeRel|x86.ActiveCfg = Debug|Any CPU
		{D66BAE42-2334-481E-A60C-2B6210BB1F61}.MinSizeRel|x86.Build.0 = Debug|Any CPU
		{D66BAE42-2334-481E-A60C-2B6210BB1F61}.Release|Any CPU.ActiveCfg = Release|Any CPU
		{D66BAE42-2334-481E-A60C-2B6210BB1F61}.Release|Any CPU.Build.0 = Release|Any CPU
		{D66BAE42-2334-481E-A60C-2B6210BB1F61}.Release|x64.ActiveCfg = Release|Any CPU
		{D66BAE42-2334-481E-A60C-2B6210BB1F61}.Release|x64.Build.0 = Release|Any CPU
		{D66BAE42-2334-481E-A60C-2B6210BB1F61}.Release|x86.ActiveCfg = Release|Any CPU
		{D66BAE42-2334-481E-A60C-2B6210BB1F61}.Release|x86.Build.0 = Release|Any CPU
		{D66BAE42-2334-481E-A60C-2B6210BB1F61}.RelWithDebInfo|Any CPU.ActiveCfg = Debug|Any CPU
		{D66BAE42-2334-481E-A60C-2B6210BB1F61}.RelWithDebInfo|Any CPU.Build.0 = Debug|Any CPU
		{D66BAE42-2334-481E-A60C-2B6210BB1F61}.RelWithDebInfo|x64.ActiveCfg = Debug|Any CPU
		{D66BAE42-2334-481E-A60C-2B6210BB1F61}.RelWithDebInfo|x64.Build.0 = Debug|Any CPU
		{D66BAE42-2334-481E-A60C-2B6210BB1F61}.RelWithDebInfo|x86.ActiveCfg = Debug|Any CPU
		{D66BAE42-2334-481E-A60C-2B6210BB1F61}.RelWithDebInfo|x86.Build.0 = Debug|Any CPU
		{40FFFB19-0A7F-48B7-A9DB-DA361A68D7D8}.Debug|Any CPU.ActiveCfg = Debug|Any CPU
		{40FFFB19-0A7F-48B7-A9DB-DA361A68D7D8}.Debug|Any CPU.Build.0 = Debug|Any CPU
		{40FFFB19-0A7F-48B7-A9DB-DA361A68D7D8}.Debug|x64.ActiveCfg = Debug|Any CPU
		{40FFFB19-0A7F-48B7-A9DB-DA361A68D7D8}.Debug|x64.Build.0 = Debug|Any CPU
		{40FFFB19-0A7F-48B7-A9DB-DA361A68D7D8}.Debug|x86.ActiveCfg = Debug|Any CPU
		{40FFFB19-0A7F-48B7-A9DB-DA361A68D7D8}.Debug|x86.Build.0 = Debug|Any CPU
		{40FFFB19-0A7F-48B7-A9DB-DA361A68D7D8}.MinSizeRel|Any CPU.ActiveCfg = Debug|Any CPU
		{40FFFB19-0A7F-48B7-A9DB-DA361A68D7D8}.MinSizeRel|Any CPU.Build.0 = Debug|Any CPU
		{40FFFB19-0A7F-48B7-A9DB-DA361A68D7D8}.MinSizeRel|x64.ActiveCfg = Debug|Any CPU
		{40FFFB19-0A7F-48B7-A9DB-DA361A68D7D8}.MinSizeRel|x64.Build.0 = Debug|Any CPU
		{40FFFB19-0A7F-48B7-A9DB-DA361A68D7D8}.MinSizeRel|x86.ActiveCfg = Debug|Any CPU
		{40FFFB19-0A7F-48B7-A9DB-DA361A68D7D8}.MinSizeRel|x86.Build.0 = Debug|Any CPU
		{40FFFB19-0A7F-48B7-A9DB-DA361A68D7D8}.Release|Any CPU.ActiveCfg = Release|Any CPU
		{40FFFB19-0A7F-48B7-A9DB-DA361A68D7D8}.Release|Any CPU.Build.0 = Release|Any CPU
		{40FFFB19-0A7F-48B7-A9DB-DA361A68D7D8}.Release|x64.ActiveCfg = Release|Any CPU
		{40FFFB19-0A7F-48B7-A9DB-DA361A68D7D8}.Release|x64.Build.0 = Release|Any CPU
		{40FFFB19-0A7F-48B7-A9DB-DA361A68D7D8}.Release|x86.ActiveCfg = Release|Any CPU
		{40FFFB19-0A7F-48B7-A9DB-DA361A68D7D8}.Release|x86.Build.0 = Release|Any CPU
		{40FFFB19-0A7F-48B7-A9DB-DA361A68D7D8}.RelWithDebInfo|Any CPU.ActiveCfg = Debug|Any CPU
		{40FFFB19-0A7F-48B7-A9DB-DA361A68D7D8}.RelWithDebInfo|Any CPU.Build.0 = Debug|Any CPU
		{40FFFB19-0A7F-48B7-A9DB-DA361A68D7D8}.RelWithDebInfo|x64.ActiveCfg = Debug|Any CPU
		{40FFFB19-0A7F-48B7-A9DB-DA361A68D7D8}.RelWithDebInfo|x64.Build.0 = Debug|Any CPU
		{40FFFB19-0A7F-48B7-A9DB-DA361A68D7D8}.RelWithDebInfo|x86.ActiveCfg = Debug|Any CPU
		{40FFFB19-0A7F-48B7-A9DB-DA361A68D7D8}.RelWithDebInfo|x86.Build.0 = Debug|Any CPU
		{C6550DCF-2E34-4FE6-A743-7A5E4C363D73}.Debug|Any CPU.ActiveCfg = Debug|Any CPU
		{C6550DCF-2E34-4FE6-A743-7A5E4C363D73}.Debug|Any CPU.Build.0 = Debug|Any CPU
		{C6550DCF-2E34-4FE6-A743-7A5E4C363D73}.Debug|x64.ActiveCfg = Debug|Any CPU
		{C6550DCF-2E34-4FE6-A743-7A5E4C363D73}.Debug|x64.Build.0 = Debug|Any CPU
		{C6550DCF-2E34-4FE6-A743-7A5E4C363D73}.Debug|x86.ActiveCfg = Debug|Any CPU
		{C6550DCF-2E34-4FE6-A743-7A5E4C363D73}.Debug|x86.Build.0 = Debug|Any CPU
		{C6550DCF-2E34-4FE6-A743-7A5E4C363D73}.MinSizeRel|Any CPU.ActiveCfg = Debug|Any CPU
		{C6550DCF-2E34-4FE6-A743-7A5E4C363D73}.MinSizeRel|Any CPU.Build.0 = Debug|Any CPU
		{C6550DCF-2E34-4FE6-A743-7A5E4C363D73}.MinSizeRel|x64.ActiveCfg = Debug|Any CPU
		{C6550DCF-2E34-4FE6-A743-7A5E4C363D73}.MinSizeRel|x64.Build.0 = Debug|Any CPU
		{C6550DCF-2E34-4FE6-A743-7A5E4C363D73}.MinSizeRel|x86.ActiveCfg = Debug|Any CPU
		{C6550DCF-2E34-4FE6-A743-7A5E4C363D73}.MinSizeRel|x86.Build.0 = Debug|Any CPU
		{C6550DCF-2E34-4FE6-A743-7A5E4C363D73}.Release|Any CPU.ActiveCfg = Release|Any CPU
		{C6550DCF-2E34-4FE6-A743-7A5E4C363D73}.Release|Any CPU.Build.0 = Release|Any CPU
		{C6550DCF-2E34-4FE6-A743-7A5E4C363D73}.Release|x64.ActiveCfg = Release|Any CPU
		{C6550DCF-2E34-4FE6-A743-7A5E4C363D73}.Release|x64.Build.0 = Release|Any CPU
		{C6550DCF-2E34-4FE6-A743-7A5E4C363D73}.Release|x86.ActiveCfg = Release|Any CPU
		{C6550DCF-2E34-4FE6-A743-7A5E4C363D73}.Release|x86.Build.0 = Release|Any CPU
		{C6550DCF-2E34-4FE6-A743-7A5E4C363D73}.RelWithDebInfo|Any CPU.ActiveCfg = Debug|Any CPU
		{C6550DCF-2E34-4FE6-A743-7A5E4C363D73}.RelWithDebInfo|Any CPU.Build.0 = Debug|Any CPU
		{C6550DCF-2E34-4FE6-A743-7A5E4C363D73}.RelWithDebInfo|x64.ActiveCfg = Debug|Any CPU
		{C6550DCF-2E34-4FE6-A743-7A5E4C363D73}.RelWithDebInfo|x64.Build.0 = Debug|Any CPU
		{C6550DCF-2E34-4FE6-A743-7A5E4C363D73}.RelWithDebInfo|x86.ActiveCfg = Debug|Any CPU
		{C6550DCF-2E34-4FE6-A743-7A5E4C363D73}.RelWithDebInfo|x86.Build.0 = Debug|Any CPU
		{78B62374-2A96-45FC-936D-33872D472684}.Debug|Any CPU.ActiveCfg = Debug|Any CPU
		{78B62374-2A96-45FC-936D-33872D472684}.Debug|Any CPU.Build.0 = Debug|Any CPU
		{78B62374-2A96-45FC-936D-33872D472684}.Debug|x64.ActiveCfg = Debug|Any CPU
		{78B62374-2A96-45FC-936D-33872D472684}.Debug|x64.Build.0 = Debug|Any CPU
		{78B62374-2A96-45FC-936D-33872D472684}.Debug|x86.ActiveCfg = Debug|Any CPU
		{78B62374-2A96-45FC-936D-33872D472684}.Debug|x86.Build.0 = Debug|Any CPU
		{78B62374-2A96-45FC-936D-33872D472684}.MinSizeRel|Any CPU.ActiveCfg = Debug|Any CPU
		{78B62374-2A96-45FC-936D-33872D472684}.MinSizeRel|Any CPU.Build.0 = Debug|Any CPU
		{78B62374-2A96-45FC-936D-33872D472684}.MinSizeRel|x64.ActiveCfg = Debug|Any CPU
		{78B62374-2A96-45FC-936D-33872D472684}.MinSizeRel|x64.Build.0 = Debug|Any CPU
		{78B62374-2A96-45FC-936D-33872D472684}.MinSizeRel|x86.ActiveCfg = Debug|Any CPU
		{78B62374-2A96-45FC-936D-33872D472684}.MinSizeRel|x86.Build.0 = Debug|Any CPU
		{78B62374-2A96-45FC-936D-33872D472684}.Release|Any CPU.ActiveCfg = Release|Any CPU
		{78B62374-2A96-45FC-936D-33872D472684}.Release|Any CPU.Build.0 = Release|Any CPU
		{78B62374-2A96-45FC-936D-33872D472684}.Release|x64.ActiveCfg = Release|Any CPU
		{78B62374-2A96-45FC-936D-33872D472684}.Release|x64.Build.0 = Release|Any CPU
		{78B62374-2A96-45FC-936D-33872D472684}.Release|x86.ActiveCfg = Release|Any CPU
		{78B62374-2A96-45FC-936D-33872D472684}.Release|x86.Build.0 = Release|Any CPU
		{78B62374-2A96-45FC-936D-33872D472684}.RelWithDebInfo|Any CPU.ActiveCfg = Debug|Any CPU
		{78B62374-2A96-45FC-936D-33872D472684}.RelWithDebInfo|Any CPU.Build.0 = Debug|Any CPU
		{78B62374-2A96-45FC-936D-33872D472684}.RelWithDebInfo|x64.ActiveCfg = Debug|Any CPU
		{78B62374-2A96-45FC-936D-33872D472684}.RelWithDebInfo|x64.Build.0 = Debug|Any CPU
		{78B62374-2A96-45FC-936D-33872D472684}.RelWithDebInfo|x86.ActiveCfg = Debug|Any CPU
		{78B62374-2A96-45FC-936D-33872D472684}.RelWithDebInfo|x86.Build.0 = Debug|Any CPU
		{8C8AE123-3D76-47C9-80AE-FFE8F366265D}.Debug|Any CPU.ActiveCfg = Debug|Any CPU
		{8C8AE123-3D76-47C9-80AE-FFE8F366265D}.Debug|Any CPU.Build.0 = Debug|Any CPU
		{8C8AE123-3D76-47C9-80AE-FFE8F366265D}.Debug|x64.ActiveCfg = Debug|Any CPU
		{8C8AE123-3D76-47C9-80AE-FFE8F366265D}.Debug|x64.Build.0 = Debug|Any CPU
		{8C8AE123-3D76-47C9-80AE-FFE8F366265D}.Debug|x86.ActiveCfg = Debug|Any CPU
		{8C8AE123-3D76-47C9-80AE-FFE8F366265D}.Debug|x86.Build.0 = Debug|Any CPU
		{8C8AE123-3D76-47C9-80AE-FFE8F366265D}.MinSizeRel|Any CPU.ActiveCfg = Debug|Any CPU
		{8C8AE123-3D76-47C9-80AE-FFE8F366265D}.MinSizeRel|Any CPU.Build.0 = Debug|Any CPU
		{8C8AE123-3D76-47C9-80AE-FFE8F366265D}.MinSizeRel|x64.ActiveCfg = Debug|Any CPU
		{8C8AE123-3D76-47C9-80AE-FFE8F366265D}.MinSizeRel|x64.Build.0 = Debug|Any CPU
		{8C8AE123-3D76-47C9-80AE-FFE8F366265D}.MinSizeRel|x86.ActiveCfg = Debug|Any CPU
		{8C8AE123-3D76-47C9-80AE-FFE8F366265D}.MinSizeRel|x86.Build.0 = Debug|Any CPU
		{8C8AE123-3D76-47C9-80AE-FFE8F366265D}.Release|Any CPU.ActiveCfg = Release|Any CPU
		{8C8AE123-3D76-47C9-80AE-FFE8F366265D}.Release|Any CPU.Build.0 = Release|Any CPU
		{8C8AE123-3D76-47C9-80AE-FFE8F366265D}.Release|x64.ActiveCfg = Release|Any CPU
		{8C8AE123-3D76-47C9-80AE-FFE8F366265D}.Release|x64.Build.0 = Release|Any CPU
		{8C8AE123-3D76-47C9-80AE-FFE8F366265D}.Release|x86.ActiveCfg = Release|Any CPU
		{8C8AE123-3D76-47C9-80AE-FFE8F366265D}.Release|x86.Build.0 = Release|Any CPU
		{8C8AE123-3D76-47C9-80AE-FFE8F366265D}.RelWithDebInfo|Any CPU.ActiveCfg = Debug|Any CPU
		{8C8AE123-3D76-47C9-80AE-FFE8F366265D}.RelWithDebInfo|Any CPU.Build.0 = Debug|Any CPU
		{8C8AE123-3D76-47C9-80AE-FFE8F366265D}.RelWithDebInfo|x64.ActiveCfg = Debug|Any CPU
		{8C8AE123-3D76-47C9-80AE-FFE8F366265D}.RelWithDebInfo|x64.Build.0 = Debug|Any CPU
		{8C8AE123-3D76-47C9-80AE-FFE8F366265D}.RelWithDebInfo|x86.ActiveCfg = Debug|Any CPU
		{8C8AE123-3D76-47C9-80AE-FFE8F366265D}.RelWithDebInfo|x86.Build.0 = Debug|Any CPU
		{888146C7-CD16-4EFB-A203-798BAAA11540}.Debug|Any CPU.ActiveCfg = Debug|Any CPU
		{888146C7-CD16-4EFB-A203-798BAAA11540}.Debug|Any CPU.Build.0 = Debug|Any CPU
		{888146C7-CD16-4EFB-A203-798BAAA11540}.Debug|x64.ActiveCfg = Debug|Any CPU
		{888146C7-CD16-4EFB-A203-798BAAA11540}.Debug|x64.Build.0 = Debug|Any CPU
		{888146C7-CD16-4EFB-A203-798BAAA11540}.Debug|x86.ActiveCfg = Debug|Any CPU
		{888146C7-CD16-4EFB-A203-798BAAA11540}.Debug|x86.Build.0 = Debug|Any CPU
		{888146C7-CD16-4EFB-A203-798BAAA11540}.MinSizeRel|Any CPU.ActiveCfg = Debug|Any CPU
		{888146C7-CD16-4EFB-A203-798BAAA11540}.MinSizeRel|Any CPU.Build.0 = Debug|Any CPU
		{888146C7-CD16-4EFB-A203-798BAAA11540}.MinSizeRel|x64.ActiveCfg = Debug|Any CPU
		{888146C7-CD16-4EFB-A203-798BAAA11540}.MinSizeRel|x64.Build.0 = Debug|Any CPU
		{888146C7-CD16-4EFB-A203-798BAAA11540}.MinSizeRel|x86.ActiveCfg = Debug|Any CPU
		{888146C7-CD16-4EFB-A203-798BAAA11540}.MinSizeRel|x86.Build.0 = Debug|Any CPU
		{888146C7-CD16-4EFB-A203-798BAAA11540}.Release|Any CPU.ActiveCfg = Release|Any CPU
		{888146C7-CD16-4EFB-A203-798BAAA11540}.Release|Any CPU.Build.0 = Release|Any CPU
		{888146C7-CD16-4EFB-A203-798BAAA11540}.Release|x64.ActiveCfg = Release|Any CPU
		{888146C7-CD16-4EFB-A203-798BAAA11540}.Release|x64.Build.0 = Release|Any CPU
		{888146C7-CD16-4EFB-A203-798BAAA11540}.Release|x86.ActiveCfg = Release|Any CPU
		{888146C7-CD16-4EFB-A203-798BAAA11540}.Release|x86.Build.0 = Release|Any CPU
		{888146C7-CD16-4EFB-A203-798BAAA11540}.RelWithDebInfo|Any CPU.ActiveCfg = Debug|Any CPU
		{888146C7-CD16-4EFB-A203-798BAAA11540}.RelWithDebInfo|Any CPU.Build.0 = Debug|Any CPU
		{888146C7-CD16-4EFB-A203-798BAAA11540}.RelWithDebInfo|x64.ActiveCfg = Debug|Any CPU
		{888146C7-CD16-4EFB-A203-798BAAA11540}.RelWithDebInfo|x64.Build.0 = Debug|Any CPU
		{888146C7-CD16-4EFB-A203-798BAAA11540}.RelWithDebInfo|x86.ActiveCfg = Debug|Any CPU
		{888146C7-CD16-4EFB-A203-798BAAA11540}.RelWithDebInfo|x86.Build.0 = Debug|Any CPU
		{CAF39B4C-FE21-4D08-98C2-954A5675A705}.Debug|Any CPU.ActiveCfg = Debug|Any CPU
		{CAF39B4C-FE21-4D08-98C2-954A5675A705}.Debug|Any CPU.Build.0 = Debug|Any CPU
		{CAF39B4C-FE21-4D08-98C2-954A5675A705}.Debug|x64.ActiveCfg = Debug|Any CPU
		{CAF39B4C-FE21-4D08-98C2-954A5675A705}.Debug|x64.Build.0 = Debug|Any CPU
		{CAF39B4C-FE21-4D08-98C2-954A5675A705}.Debug|x86.ActiveCfg = Debug|Any CPU
		{CAF39B4C-FE21-4D08-98C2-954A5675A705}.Debug|x86.Build.0 = Debug|Any CPU
		{CAF39B4C-FE21-4D08-98C2-954A5675A705}.MinSizeRel|Any CPU.ActiveCfg = Debug|Any CPU
		{CAF39B4C-FE21-4D08-98C2-954A5675A705}.MinSizeRel|Any CPU.Build.0 = Debug|Any CPU
		{CAF39B4C-FE21-4D08-98C2-954A5675A705}.MinSizeRel|x64.ActiveCfg = Debug|Any CPU
		{CAF39B4C-FE21-4D08-98C2-954A5675A705}.MinSizeRel|x64.Build.0 = Debug|Any CPU
		{CAF39B4C-FE21-4D08-98C2-954A5675A705}.MinSizeRel|x86.ActiveCfg = Debug|Any CPU
		{CAF39B4C-FE21-4D08-98C2-954A5675A705}.MinSizeRel|x86.Build.0 = Debug|Any CPU
		{CAF39B4C-FE21-4D08-98C2-954A5675A705}.Release|Any CPU.ActiveCfg = Release|Any CPU
		{CAF39B4C-FE21-4D08-98C2-954A5675A705}.Release|Any CPU.Build.0 = Release|Any CPU
		{CAF39B4C-FE21-4D08-98C2-954A5675A705}.Release|x64.ActiveCfg = Release|Any CPU
		{CAF39B4C-FE21-4D08-98C2-954A5675A705}.Release|x64.Build.0 = Release|Any CPU
		{CAF39B4C-FE21-4D08-98C2-954A5675A705}.Release|x86.ActiveCfg = Release|Any CPU
		{CAF39B4C-FE21-4D08-98C2-954A5675A705}.Release|x86.Build.0 = Release|Any CPU
		{CAF39B4C-FE21-4D08-98C2-954A5675A705}.RelWithDebInfo|Any CPU.ActiveCfg = Debug|Any CPU
		{CAF39B4C-FE21-4D08-98C2-954A5675A705}.RelWithDebInfo|Any CPU.Build.0 = Debug|Any CPU
		{CAF39B4C-FE21-4D08-98C2-954A5675A705}.RelWithDebInfo|x64.ActiveCfg = Debug|Any CPU
		{CAF39B4C-FE21-4D08-98C2-954A5675A705}.RelWithDebInfo|x64.Build.0 = Debug|Any CPU
		{CAF39B4C-FE21-4D08-98C2-954A5675A705}.RelWithDebInfo|x86.ActiveCfg = Debug|Any CPU
		{CAF39B4C-FE21-4D08-98C2-954A5675A705}.RelWithDebInfo|x86.Build.0 = Debug|Any CPU
		{1E2B2411-25F0-476D-A8F1-0730C7746DC7}.Debug|Any CPU.ActiveCfg = Debug|Any CPU
		{1E2B2411-25F0-476D-A8F1-0730C7746DC7}.Debug|Any CPU.Build.0 = Debug|Any CPU
		{1E2B2411-25F0-476D-A8F1-0730C7746DC7}.Debug|x64.ActiveCfg = Debug|Any CPU
		{1E2B2411-25F0-476D-A8F1-0730C7746DC7}.Debug|x64.Build.0 = Debug|Any CPU
		{1E2B2411-25F0-476D-A8F1-0730C7746DC7}.Debug|x86.ActiveCfg = Debug|Any CPU
		{1E2B2411-25F0-476D-A8F1-0730C7746DC7}.Debug|x86.Build.0 = Debug|Any CPU
		{1E2B2411-25F0-476D-A8F1-0730C7746DC7}.MinSizeRel|Any CPU.ActiveCfg = Debug|Any CPU
		{1E2B2411-25F0-476D-A8F1-0730C7746DC7}.MinSizeRel|Any CPU.Build.0 = Debug|Any CPU
		{1E2B2411-25F0-476D-A8F1-0730C7746DC7}.MinSizeRel|x64.ActiveCfg = Debug|Any CPU
		{1E2B2411-25F0-476D-A8F1-0730C7746DC7}.MinSizeRel|x64.Build.0 = Debug|Any CPU
		{1E2B2411-25F0-476D-A8F1-0730C7746DC7}.MinSizeRel|x86.ActiveCfg = Debug|Any CPU
		{1E2B2411-25F0-476D-A8F1-0730C7746DC7}.MinSizeRel|x86.Build.0 = Debug|Any CPU
		{1E2B2411-25F0-476D-A8F1-0730C7746DC7}.Release|Any CPU.ActiveCfg = Release|Any CPU
		{1E2B2411-25F0-476D-A8F1-0730C7746DC7}.Release|Any CPU.Build.0 = Release|Any CPU
		{1E2B2411-25F0-476D-A8F1-0730C7746DC7}.Release|x64.ActiveCfg = Release|Any CPU
		{1E2B2411-25F0-476D-A8F1-0730C7746DC7}.Release|x64.Build.0 = Release|Any CPU
		{1E2B2411-25F0-476D-A8F1-0730C7746DC7}.Release|x86.ActiveCfg = Release|Any CPU
		{1E2B2411-25F0-476D-A8F1-0730C7746DC7}.Release|x86.Build.0 = Release|Any CPU
		{1E2B2411-25F0-476D-A8F1-0730C7746DC7}.RelWithDebInfo|Any CPU.ActiveCfg = Debug|Any CPU
		{1E2B2411-25F0-476D-A8F1-0730C7746DC7}.RelWithDebInfo|Any CPU.Build.0 = Debug|Any CPU
		{1E2B2411-25F0-476D-A8F1-0730C7746DC7}.RelWithDebInfo|x64.ActiveCfg = Debug|Any CPU
		{1E2B2411-25F0-476D-A8F1-0730C7746DC7}.RelWithDebInfo|x64.Build.0 = Debug|Any CPU
		{1E2B2411-25F0-476D-A8F1-0730C7746DC7}.RelWithDebInfo|x86.ActiveCfg = Debug|Any CPU
		{1E2B2411-25F0-476D-A8F1-0730C7746DC7}.RelWithDebInfo|x86.Build.0 = Debug|Any CPU
		{A8A8BC52-6EE2-4F44-945F-1E22321C9480}.Debug|Any CPU.ActiveCfg = Debug|Any CPU
		{A8A8BC52-6EE2-4F44-945F-1E22321C9480}.Debug|Any CPU.Build.0 = Debug|Any CPU
		{A8A8BC52-6EE2-4F44-945F-1E22321C9480}.Debug|x64.ActiveCfg = Debug|Any CPU
		{A8A8BC52-6EE2-4F44-945F-1E22321C9480}.Debug|x64.Build.0 = Debug|Any CPU
		{A8A8BC52-6EE2-4F44-945F-1E22321C9480}.Debug|x86.ActiveCfg = Debug|Any CPU
		{A8A8BC52-6EE2-4F44-945F-1E22321C9480}.Debug|x86.Build.0 = Debug|Any CPU
		{A8A8BC52-6EE2-4F44-945F-1E22321C9480}.MinSizeRel|Any CPU.ActiveCfg = Debug|Any CPU
		{A8A8BC52-6EE2-4F44-945F-1E22321C9480}.MinSizeRel|Any CPU.Build.0 = Debug|Any CPU
		{A8A8BC52-6EE2-4F44-945F-1E22321C9480}.MinSizeRel|x64.ActiveCfg = Debug|Any CPU
		{A8A8BC52-6EE2-4F44-945F-1E22321C9480}.MinSizeRel|x64.Build.0 = Debug|Any CPU
		{A8A8BC52-6EE2-4F44-945F-1E22321C9480}.MinSizeRel|x86.ActiveCfg = Debug|Any CPU
		{A8A8BC52-6EE2-4F44-945F-1E22321C9480}.MinSizeRel|x86.Build.0 = Debug|Any CPU
		{A8A8BC52-6EE2-4F44-945F-1E22321C9480}.Release|Any CPU.ActiveCfg = Release|Any CPU
		{A8A8BC52-6EE2-4F44-945F-1E22321C9480}.Release|Any CPU.Build.0 = Release|Any CPU
		{A8A8BC52-6EE2-4F44-945F-1E22321C9480}.Release|x64.ActiveCfg = Release|Any CPU
		{A8A8BC52-6EE2-4F44-945F-1E22321C9480}.Release|x64.Build.0 = Release|Any CPU
		{A8A8BC52-6EE2-4F44-945F-1E22321C9480}.Release|x86.ActiveCfg = Release|Any CPU
		{A8A8BC52-6EE2-4F44-945F-1E22321C9480}.Release|x86.Build.0 = Release|Any CPU
		{A8A8BC52-6EE2-4F44-945F-1E22321C9480}.RelWithDebInfo|Any CPU.ActiveCfg = Debug|Any CPU
		{A8A8BC52-6EE2-4F44-945F-1E22321C9480}.RelWithDebInfo|Any CPU.Build.0 = Debug|Any CPU
		{A8A8BC52-6EE2-4F44-945F-1E22321C9480}.RelWithDebInfo|x64.ActiveCfg = Debug|Any CPU
		{A8A8BC52-6EE2-4F44-945F-1E22321C9480}.RelWithDebInfo|x64.Build.0 = Debug|Any CPU
		{A8A8BC52-6EE2-4F44-945F-1E22321C9480}.RelWithDebInfo|x86.ActiveCfg = Debug|Any CPU
		{A8A8BC52-6EE2-4F44-945F-1E22321C9480}.RelWithDebInfo|x86.Build.0 = Debug|Any CPU
		{94A5EDB5-1435-4809-8349-EE4CFAFB97BC}.Debug|Any CPU.ActiveCfg = Debug|Any CPU
		{94A5EDB5-1435-4809-8349-EE4CFAFB97BC}.Debug|Any CPU.Build.0 = Debug|Any CPU
		{94A5EDB5-1435-4809-8349-EE4CFAFB97BC}.Debug|x64.ActiveCfg = Debug|Any CPU
		{94A5EDB5-1435-4809-8349-EE4CFAFB97BC}.Debug|x64.Build.0 = Debug|Any CPU
		{94A5EDB5-1435-4809-8349-EE4CFAFB97BC}.Debug|x86.ActiveCfg = Debug|Any CPU
		{94A5EDB5-1435-4809-8349-EE4CFAFB97BC}.Debug|x86.Build.0 = Debug|Any CPU
		{94A5EDB5-1435-4809-8349-EE4CFAFB97BC}.MinSizeRel|Any CPU.ActiveCfg = Debug|Any CPU
		{94A5EDB5-1435-4809-8349-EE4CFAFB97BC}.MinSizeRel|Any CPU.Build.0 = Debug|Any CPU
		{94A5EDB5-1435-4809-8349-EE4CFAFB97BC}.MinSizeRel|x64.ActiveCfg = Debug|Any CPU
		{94A5EDB5-1435-4809-8349-EE4CFAFB97BC}.MinSizeRel|x64.Build.0 = Debug|Any CPU
		{94A5EDB5-1435-4809-8349-EE4CFAFB97BC}.MinSizeRel|x86.ActiveCfg = Debug|Any CPU
		{94A5EDB5-1435-4809-8349-EE4CFAFB97BC}.MinSizeRel|x86.Build.0 = Debug|Any CPU
		{94A5EDB5-1435-4809-8349-EE4CFAFB97BC}.Release|Any CPU.ActiveCfg = Release|Any CPU
		{94A5EDB5-1435-4809-8349-EE4CFAFB97BC}.Release|Any CPU.Build.0 = Release|Any CPU
		{94A5EDB5-1435-4809-8349-EE4CFAFB97BC}.Release|x64.ActiveCfg = Release|Any CPU
		{94A5EDB5-1435-4809-8349-EE4CFAFB97BC}.Release|x64.Build.0 = Release|Any CPU
		{94A5EDB5-1435-4809-8349-EE4CFAFB97BC}.Release|x86.ActiveCfg = Release|Any CPU
		{94A5EDB5-1435-4809-8349-EE4CFAFB97BC}.Release|x86.Build.0 = Release|Any CPU
		{94A5EDB5-1435-4809-8349-EE4CFAFB97BC}.RelWithDebInfo|Any CPU.ActiveCfg = Debug|Any CPU
		{94A5EDB5-1435-4809-8349-EE4CFAFB97BC}.RelWithDebInfo|Any CPU.Build.0 = Debug|Any CPU
		{94A5EDB5-1435-4809-8349-EE4CFAFB97BC}.RelWithDebInfo|x64.ActiveCfg = Debug|Any CPU
		{94A5EDB5-1435-4809-8349-EE4CFAFB97BC}.RelWithDebInfo|x64.Build.0 = Debug|Any CPU
		{94A5EDB5-1435-4809-8349-EE4CFAFB97BC}.RelWithDebInfo|x86.ActiveCfg = Debug|Any CPU
		{94A5EDB5-1435-4809-8349-EE4CFAFB97BC}.RelWithDebInfo|x86.Build.0 = Debug|Any CPU
		{FAF96F9F-D4CB-4FFC-AB9D-8C838E33A546}.Debug|Any CPU.ActiveCfg = Debug|Any CPU
		{FAF96F9F-D4CB-4FFC-AB9D-8C838E33A546}.Debug|Any CPU.Build.0 = Debug|Any CPU
		{FAF96F9F-D4CB-4FFC-AB9D-8C838E33A546}.Debug|x64.ActiveCfg = Debug|Any CPU
		{FAF96F9F-D4CB-4FFC-AB9D-8C838E33A546}.Debug|x64.Build.0 = Debug|Any CPU
		{FAF96F9F-D4CB-4FFC-AB9D-8C838E33A546}.Debug|x86.ActiveCfg = Debug|Any CPU
		{FAF96F9F-D4CB-4FFC-AB9D-8C838E33A546}.Debug|x86.Build.0 = Debug|Any CPU
		{FAF96F9F-D4CB-4FFC-AB9D-8C838E33A546}.MinSizeRel|Any CPU.ActiveCfg = Debug|Any CPU
		{FAF96F9F-D4CB-4FFC-AB9D-8C838E33A546}.MinSizeRel|Any CPU.Build.0 = Debug|Any CPU
		{FAF96F9F-D4CB-4FFC-AB9D-8C838E33A546}.MinSizeRel|x64.ActiveCfg = Debug|Any CPU
		{FAF96F9F-D4CB-4FFC-AB9D-8C838E33A546}.MinSizeRel|x64.Build.0 = Debug|Any CPU
		{FAF96F9F-D4CB-4FFC-AB9D-8C838E33A546}.MinSizeRel|x86.ActiveCfg = Debug|Any CPU
		{FAF96F9F-D4CB-4FFC-AB9D-8C838E33A546}.MinSizeRel|x86.Build.0 = Debug|Any CPU
		{FAF96F9F-D4CB-4FFC-AB9D-8C838E33A546}.Release|Any CPU.ActiveCfg = Release|Any CPU
		{FAF96F9F-D4CB-4FFC-AB9D-8C838E33A546}.Release|Any CPU.Build.0 = Release|Any CPU
		{FAF96F9F-D4CB-4FFC-AB9D-8C838E33A546}.Release|x64.ActiveCfg = Release|Any CPU
		{FAF96F9F-D4CB-4FFC-AB9D-8C838E33A546}.Release|x64.Build.0 = Release|Any CPU
		{FAF96F9F-D4CB-4FFC-AB9D-8C838E33A546}.Release|x86.ActiveCfg = Release|Any CPU
		{FAF96F9F-D4CB-4FFC-AB9D-8C838E33A546}.Release|x86.Build.0 = Release|Any CPU
		{FAF96F9F-D4CB-4FFC-AB9D-8C838E33A546}.RelWithDebInfo|Any CPU.ActiveCfg = Debug|Any CPU
		{FAF96F9F-D4CB-4FFC-AB9D-8C838E33A546}.RelWithDebInfo|Any CPU.Build.0 = Debug|Any CPU
		{FAF96F9F-D4CB-4FFC-AB9D-8C838E33A546}.RelWithDebInfo|x64.ActiveCfg = Debug|Any CPU
		{FAF96F9F-D4CB-4FFC-AB9D-8C838E33A546}.RelWithDebInfo|x64.Build.0 = Debug|Any CPU
		{FAF96F9F-D4CB-4FFC-AB9D-8C838E33A546}.RelWithDebInfo|x86.ActiveCfg = Debug|Any CPU
		{FAF96F9F-D4CB-4FFC-AB9D-8C838E33A546}.RelWithDebInfo|x86.Build.0 = Debug|Any CPU
	EndGlobalSection
	GlobalSection(SolutionProperties) = preSolution
		HideSolutionNode = FALSE
	EndGlobalSection
	GlobalSection(NestedProjects) = preSolution
		{31DA94C5-69B1-47E5-AF30-831781BD81F0} = {0551204A-A764-45F7-91EB-6817586876E9}
		{20422187-3B6A-4566-ADFC-AF7D0D2EAB42} = {DED4ABDA-245B-4AF2-9F40-179C3BCBA0E2}
		{4A5AE689-B314-4EEC-8931-8B98F154DB13} = {5A6560FF-794C-4369-AC8A-2019C0797869}
		{BE06568F-093C-42EC-B928-93627BD316D9} = {AA3F7F2B-778E-4B57-A8AB-E1BCA44E2211}
		{1046DFEB-2394-4477-B3E1-436B2EF8E295} = {6FCB5095-2292-4869-86EB-E1437153B375}
		{DF810EFF-1899-4B16-A4A2-C16B175890A7} = {DED4ABDA-245B-4AF2-9F40-179C3BCBA0E2}
		{E2BA6CBD-B975-479D-815D-D87B38C9E9C1} = {1205A9F0-96F5-47D0-A46E-03EB98619B31}
		{2805EC1C-C7F7-429B-8CC0-D9ED1F0D954C} = {AA3F7F2B-778E-4B57-A8AB-E1BCA44E2211}
		{EFC000CC-4122-464A-B800-921F86A77A25} = {AA3F7F2B-778E-4B57-A8AB-E1BCA44E2211}
		{D5D60B98-8610-4EAA-ACD6-4D91CCB33141} = {609B9E8D-4DB9-429C-B4C4-A75202A3CF4F}
		{15936ED3-078E-4E06-A517-65434CC28E90} = {609B9E8D-4DB9-429C-B4C4-A75202A3CF4F}
		{0BA62FDF-71AD-4B8A-A6B0-35EFF3C300C4} = {1205A9F0-96F5-47D0-A46E-03EB98619B31}
		{9BD1EE7F-6D1A-481F-8D13-F3205EEBD454} = {1205A9F0-96F5-47D0-A46E-03EB98619B31}
		{9119490C-E582-4E55-AFA5-6A51680711BA} = {1205A9F0-96F5-47D0-A46E-03EB98619B31}
		{41BDFD3A-8C3B-402D-BED6-5FC81EE1A22A} = {CBBF747E-EAFE-4679-A1DB-933615B0B58F}
		{0551204A-A764-45F7-91EB-6817586876E9} = {5A6560FF-794C-4369-AC8A-2019C0797869}
		{DED4ABDA-245B-4AF2-9F40-179C3BCBA0E2} = {5A6560FF-794C-4369-AC8A-2019C0797869}
		{609B9E8D-4DB9-429C-B4C4-A75202A3CF4F} = {CBBF747E-EAFE-4679-A1DB-933615B0B58F}
		{CC5E7BD5-4B3A-4723-A00E-9B174B94F3F0} = {DED4ABDA-245B-4AF2-9F40-179C3BCBA0E2}
		{40FFFB19-0A7F-48B7-A9DB-DA361A68D7D8} = {5A6560FF-794C-4369-AC8A-2019C0797869}
		{C6550DCF-2E34-4FE6-A743-7A5E4C363D73} = {5A6560FF-794C-4369-AC8A-2019C0797869}
		{78B62374-2A96-45FC-936D-33872D472684} = {5A6560FF-794C-4369-AC8A-2019C0797869}
		{8C8AE123-3D76-47C9-80AE-FFE8F366265D} = {5A6560FF-794C-4369-AC8A-2019C0797869}
		{888146C7-CD16-4EFB-A203-798BAAA11540} = {5CAC228E-35B7-4BD9-8DDD-FCA8EF4073D2}
		{CAF39B4C-FE21-4D08-98C2-954A5675A705} = {5CAC228E-35B7-4BD9-8DDD-FCA8EF4073D2}
		{D66BAE42-2334-481E-A60C-2B6210BB1F61} = {52DA5E43-4AC5-4554-A2D4-D009F3F22B93}
		{6364D1FB-C274-4A0E-A4FB-1C6704B71B5E} = {52DA5E43-4AC5-4554-A2D4-D009F3F22B93}
		{1E2B2411-25F0-476D-A8F1-0730C7746DC7} = {5CAC228E-35B7-4BD9-8DDD-FCA8EF4073D2}
		{A8A8BC52-6EE2-4F44-945F-1E22321C9480} = {5CAC228E-35B7-4BD9-8DDD-FCA8EF4073D2}
		{94A5EDB5-1435-4809-8349-EE4CFAFB97BC} = {5CAC228E-35B7-4BD9-8DDD-FCA8EF4073D2}
		{FAF96F9F-D4CB-4FFC-AB9D-8C838E33A546} = {6FCB5095-2292-4869-86EB-E1437153B375}
	EndGlobalSection
	GlobalSection(ExtensibilityGlobals) = postSolution
		SolutionGuid = {EAFD093A-9390-4097-8A8D-6E80416BBEE3}
	EndGlobalSection
EndGlobal
